// !$*UTF8*$!
{
	archiveVersion = 1;
	classes = {
	};
	objectVersion = 51;
	objects = {

/* Begin PBXBuildFile section */
		36AE56D22649A56C00D4B9DE /* UIFont+Extension.swift in Sources */ = {isa = PBXBuildFile; fileRef = 36AE56D12649A56C00D4B9DE /* UIFont+Extension.swift */; };
		542A1DF426442F8B00E69A4D /* AppDelegate.swift in Sources */ = {isa = PBXBuildFile; fileRef = 542A1DF326442F8B00E69A4D /* AppDelegate.swift */; };
		542A1DF626442F8B00E69A4D /* SceneDelegate.swift in Sources */ = {isa = PBXBuildFile; fileRef = 542A1DF526442F8B00E69A4D /* SceneDelegate.swift */; };
		542A1DF826442F8B00E69A4D /* ViewController.swift in Sources */ = {isa = PBXBuildFile; fileRef = 542A1DF726442F8B00E69A4D /* ViewController.swift */; };
		542A1DFB26442F8B00E69A4D /* Main.storyboard in Resources */ = {isa = PBXBuildFile; fileRef = 542A1DF926442F8B00E69A4D /* Main.storyboard */; };
		542A1DFD26442F8E00E69A4D /* Assets.xcassets in Resources */ = {isa = PBXBuildFile; fileRef = 542A1DFC26442F8E00E69A4D /* Assets.xcassets */; };
		542A1E0026442F8E00E69A4D /* LaunchScreen.storyboard in Resources */ = {isa = PBXBuildFile; fileRef = 542A1DFE26442F8E00E69A4D /* LaunchScreen.storyboard */; };
		542A1E0E2644315200E69A4D /* UIColor+Additions.swift in Sources */ = {isa = PBXBuildFile; fileRef = 542A1E0D2644315200E69A4D /* UIColor+Additions.swift */; };
		542A1E112644317300E69A4D /* UIView+Extension.swift in Sources */ = {isa = PBXBuildFile; fileRef = 542A1E102644317300E69A4D /* UIView+Extension.swift */; };
		542A1E14264431DE00E69A4D /* UIButton+Extension.swift in Sources */ = {isa = PBXBuildFile; fileRef = 542A1E13264431DE00E69A4D /* UIButton+Extension.swift */; };
		54B9663D264904020028F1BF /* YourProfileVC.swift in Sources */ = {isa = PBXBuildFile; fileRef = 54B9663C264904020028F1BF /* YourProfileVC.swift */; };
		54B9663F2649040F0028F1BF /* YourProfile.storyboard in Resources */ = {isa = PBXBuildFile; fileRef = 54B9663E2649040F0028F1BF /* YourProfile.storyboard */; };
		54B966412649042F0028F1BF /* FindFound.storyboard in Resources */ = {isa = PBXBuildFile; fileRef = 54B966402649042F0028F1BF /* FindFound.storyboard */; };
		54B96643264904390028F1BF /* Interview.storyboard in Resources */ = {isa = PBXBuildFile; fileRef = 54B96642264904390028F1BF /* Interview.storyboard */; };
		54B96645264904400028F1BF /* MyProfile.storyboard in Resources */ = {isa = PBXBuildFile; fileRef = 54B96644264904400028F1BF /* MyProfile.storyboard */; };
		54B96647264904490028F1BF /* ProfileWriting.storyboard in Resources */ = {isa = PBXBuildFile; fileRef = 54B96646264904490028F1BF /* ProfileWriting.storyboard */; };
		54B96649264904500028F1BF /* TabBar.storyboard in Resources */ = {isa = PBXBuildFile; fileRef = 54B96648264904500028F1BF /* TabBar.storyboard */; };
		54B9664B2649045B0028F1BF /* TabBarVC.swift in Sources */ = {isa = PBXBuildFile; fileRef = 54B9664A2649045B0028F1BF /* TabBarVC.swift */; };
		54B9664D264904660028F1BF /* ProfileWritingVC.swift in Sources */ = {isa = PBXBuildFile; fileRef = 54B9664C264904660028F1BF /* ProfileWritingVC.swift */; };
		54B9664F264904780028F1BF /* MyProfileVC.swift in Sources */ = {isa = PBXBuildFile; fileRef = 54B9664E264904780028F1BF /* MyProfileVC.swift */; };
		54B96651264904800028F1BF /* InterviewVC.swift in Sources */ = {isa = PBXBuildFile; fileRef = 54B96650264904800028F1BF /* InterviewVC.swift */; };
		54B966532649048A0028F1BF /* FindFoundVC1.swift in Sources */ = {isa = PBXBuildFile; fileRef = 54B966522649048A0028F1BF /* FindFoundVC1.swift */; };
		54B96659264906900028F1BF /* SpoqaHanSansNeo-Regular.ttf in Resources */ = {isa = PBXBuildFile; fileRef = 54B966552649068D0028F1BF /* SpoqaHanSansNeo-Regular.ttf */; };
		54B9665A264906900028F1BF /* SpoqaHanSansNeo-Medium.ttf in Resources */ = {isa = PBXBuildFile; fileRef = 54B966562649068E0028F1BF /* SpoqaHanSansNeo-Medium.ttf */; };
		54B9665B264906900028F1BF /* SpoqaHanSansNeo-Bold.ttf in Resources */ = {isa = PBXBuildFile; fileRef = 54B966572649068F0028F1BF /* SpoqaHanSansNeo-Bold.ttf */; };
		54B9665C264906900028F1BF /* SpoqaHanSansNeo-Light.ttf in Resources */ = {isa = PBXBuildFile; fileRef = 54B96658264906900028F1BF /* SpoqaHanSansNeo-Light.ttf */; };
		54B9665E264909510028F1BF /* UILabel+Extension.swift in Sources */ = {isa = PBXBuildFile; fileRef = 54B9665D264909510028F1BF /* UILabel+Extension.swift */; };
		54B96660264909940028F1BF /* GenericResponse.swift in Sources */ = {isa = PBXBuildFile; fileRef = 54B9665F264909940028F1BF /* GenericResponse.swift */; };
		54B96663264909CA0028F1BF /* APIService.swift in Sources */ = {isa = PBXBuildFile; fileRef = 54B96662264909CA0028F1BF /* APIService.swift */; };
		54B96665264909F70028F1BF /* APITarget.swift in Sources */ = {isa = PBXBuildFile; fileRef = 54B96664264909F70028F1BF /* APITarget.swift */; };
		54B9666726490D510028F1BF /* NetworkResult.swift in Sources */ = {isa = PBXBuildFile; fileRef = 54B9666626490D510028F1BF /* NetworkResult.swift */; };
		54B9666926490D950028F1BF /* PlainData.swift in Sources */ = {isa = PBXBuildFile; fileRef = 54B9666826490D950028F1BF /* PlainData.swift */; };
		771060A678E5FEDEED0DBEE0 /* Pods_Find_iOS.framework in Frameworks */ = {isa = PBXBuildFile; fileRef = 9914C355BB51240D7E5B4DC2 /* Pods_Find_iOS.framework */; };
		926314E62656306800E8E8FD /* FindFoundVC.swift in Sources */ = {isa = PBXBuildFile; fileRef = 926314E52656306800E8E8FD /* FindFoundVC.swift */; };
		926314ED2656C5EA00E8E8FD /* FindFoundSegueCVC.swift in Sources */ = {isa = PBXBuildFile; fileRef = 926314EC2656C5EA00E8E8FD /* FindFoundSegueCVC.swift */; };
		926314F02656CD0F00E8E8FD /* FindView.xib in Resources */ = {isa = PBXBuildFile; fileRef = 926314EF2656CD0E00E8E8FD /* FindView.xib */; };
		926314F72656CE8A00E8E8FD /* FindView.swift in Sources */ = {isa = PBXBuildFile; fileRef = 926314F62656CE8A00E8E8FD /* FindView.swift */; };
		92B10359264CFE6D003801C8 /* CustomSegmentedControl.swift in Sources */ = {isa = PBXBuildFile; fileRef = 92B10358264CFE6D003801C8 /* CustomSegmentedControl.swift */; };
		92B1035C264D134E003801C8 /* FindVC1.swift in Sources */ = {isa = PBXBuildFile; fileRef = 92B1035B264D134E003801C8 /* FindVC1.swift */; };
		92B1035F264D1377003801C8 /* FoundVC1.swift in Sources */ = {isa = PBXBuildFile; fileRef = 92B1035E264D1377003801C8 /* FoundVC1.swift */; };
		92B10362264D1F51003801C8 /* FoundProfileCardCVC.swift in Sources */ = {isa = PBXBuildFile; fileRef = 92B10361264D1F50003801C8 /* FoundProfileCardCVC.swift */; };
		92B10366264D2905003801C8 /* ProfileCardDataModel.swift in Sources */ = {isa = PBXBuildFile; fileRef = 92B10365264D2905003801C8 /* ProfileCardDataModel.swift */; };
		92B10391264E4C2A003801C8 /* BeforeTestView.swift in Sources */ = {isa = PBXBuildFile; fileRef = 92B10390264E4C2A003801C8 /* BeforeTestView.swift */; };
		92B10395264E4C4C003801C8 /* BeforeTestView.xib in Resources */ = {isa = PBXBuildFile; fileRef = 92B10394264E4C4C003801C8 /* BeforeTestView.xib */; };
/* End PBXBuildFile section */

/* Begin PBXFileReference section */
		30A6F874187F6EA5D20A692A /* Pods-Find-iOS.debug.xcconfig */ = {isa = PBXFileReference; includeInIndex = 1; lastKnownFileType = text.xcconfig; name = "Pods-Find-iOS.debug.xcconfig"; path = "Target Support Files/Pods-Find-iOS/Pods-Find-iOS.debug.xcconfig"; sourceTree = "<group>"; };
		36AE56D12649A56C00D4B9DE /* UIFont+Extension.swift */ = {isa = PBXFileReference; lastKnownFileType = sourcecode.swift; path = "UIFont+Extension.swift"; sourceTree = "<group>"; };
		542A1DF026442F8B00E69A4D /* Find-iOS.app */ = {isa = PBXFileReference; explicitFileType = wrapper.application; includeInIndex = 0; path = "Find-iOS.app"; sourceTree = BUILT_PRODUCTS_DIR; };
		542A1DF326442F8B00E69A4D /* AppDelegate.swift */ = {isa = PBXFileReference; lastKnownFileType = sourcecode.swift; path = AppDelegate.swift; sourceTree = "<group>"; };
		542A1DF526442F8B00E69A4D /* SceneDelegate.swift */ = {isa = PBXFileReference; lastKnownFileType = sourcecode.swift; path = SceneDelegate.swift; sourceTree = "<group>"; };
		542A1DF726442F8B00E69A4D /* ViewController.swift */ = {isa = PBXFileReference; lastKnownFileType = sourcecode.swift; path = ViewController.swift; sourceTree = "<group>"; };
		542A1DFA26442F8B00E69A4D /* Base */ = {isa = PBXFileReference; lastKnownFileType = file.storyboard; name = Base; path = Base.lproj/Main.storyboard; sourceTree = "<group>"; };
		542A1DFC26442F8E00E69A4D /* Assets.xcassets */ = {isa = PBXFileReference; lastKnownFileType = folder.assetcatalog; path = Assets.xcassets; sourceTree = "<group>"; };
		542A1DFF26442F8E00E69A4D /* Base */ = {isa = PBXFileReference; lastKnownFileType = file.storyboard; name = Base; path = Base.lproj/LaunchScreen.storyboard; sourceTree = "<group>"; };
		542A1E0126442F8E00E69A4D /* Info.plist */ = {isa = PBXFileReference; lastKnownFileType = text.plist.xml; path = Info.plist; sourceTree = "<group>"; };
		542A1E0D2644315200E69A4D /* UIColor+Additions.swift */ = {isa = PBXFileReference; lastKnownFileType = sourcecode.swift; path = "UIColor+Additions.swift"; sourceTree = "<group>"; };
		542A1E102644317300E69A4D /* UIView+Extension.swift */ = {isa = PBXFileReference; lastKnownFileType = sourcecode.swift; path = "UIView+Extension.swift"; sourceTree = "<group>"; };
		542A1E13264431DE00E69A4D /* UIButton+Extension.swift */ = {isa = PBXFileReference; lastKnownFileType = sourcecode.swift; path = "UIButton+Extension.swift"; sourceTree = "<group>"; };
		54B9663C264904020028F1BF /* YourProfileVC.swift */ = {isa = PBXFileReference; lastKnownFileType = sourcecode.swift; path = YourProfileVC.swift; sourceTree = "<group>"; };
		54B9663E2649040F0028F1BF /* YourProfile.storyboard */ = {isa = PBXFileReference; lastKnownFileType = file.storyboard; path = YourProfile.storyboard; sourceTree = "<group>"; };
		54B966402649042F0028F1BF /* FindFound.storyboard */ = {isa = PBXFileReference; lastKnownFileType = file.storyboard; path = FindFound.storyboard; sourceTree = "<group>"; };
		54B96642264904390028F1BF /* Interview.storyboard */ = {isa = PBXFileReference; lastKnownFileType = file.storyboard; path = Interview.storyboard; sourceTree = "<group>"; };
		54B96644264904400028F1BF /* MyProfile.storyboard */ = {isa = PBXFileReference; lastKnownFileType = file.storyboard; path = MyProfile.storyboard; sourceTree = "<group>"; };
		54B96646264904490028F1BF /* ProfileWriting.storyboard */ = {isa = PBXFileReference; lastKnownFileType = file.storyboard; path = ProfileWriting.storyboard; sourceTree = "<group>"; };
		54B96648264904500028F1BF /* TabBar.storyboard */ = {isa = PBXFileReference; lastKnownFileType = file.storyboard; path = TabBar.storyboard; sourceTree = "<group>"; };
		54B9664A2649045B0028F1BF /* TabBarVC.swift */ = {isa = PBXFileReference; lastKnownFileType = sourcecode.swift; path = TabBarVC.swift; sourceTree = "<group>"; };
		54B9664C264904660028F1BF /* ProfileWritingVC.swift */ = {isa = PBXFileReference; lastKnownFileType = sourcecode.swift; path = ProfileWritingVC.swift; sourceTree = "<group>"; };
		54B9664E264904780028F1BF /* MyProfileVC.swift */ = {isa = PBXFileReference; lastKnownFileType = sourcecode.swift; path = MyProfileVC.swift; sourceTree = "<group>"; };
		54B96650264904800028F1BF /* InterviewVC.swift */ = {isa = PBXFileReference; lastKnownFileType = sourcecode.swift; path = InterviewVC.swift; sourceTree = "<group>"; };
		54B966522649048A0028F1BF /* FindFoundVC1.swift */ = {isa = PBXFileReference; lastKnownFileType = sourcecode.swift; path = FindFoundVC1.swift; sourceTree = "<group>"; };
		54B966552649068D0028F1BF /* SpoqaHanSansNeo-Regular.ttf */ = {isa = PBXFileReference; lastKnownFileType = file; path = "SpoqaHanSansNeo-Regular.ttf"; sourceTree = "<group>"; };
		54B966562649068E0028F1BF /* SpoqaHanSansNeo-Medium.ttf */ = {isa = PBXFileReference; lastKnownFileType = file; path = "SpoqaHanSansNeo-Medium.ttf"; sourceTree = "<group>"; };
		54B966572649068F0028F1BF /* SpoqaHanSansNeo-Bold.ttf */ = {isa = PBXFileReference; lastKnownFileType = file; path = "SpoqaHanSansNeo-Bold.ttf"; sourceTree = "<group>"; };
		54B96658264906900028F1BF /* SpoqaHanSansNeo-Light.ttf */ = {isa = PBXFileReference; lastKnownFileType = file; path = "SpoqaHanSansNeo-Light.ttf"; sourceTree = "<group>"; };
		54B9665D264909510028F1BF /* UILabel+Extension.swift */ = {isa = PBXFileReference; lastKnownFileType = sourcecode.swift; path = "UILabel+Extension.swift"; sourceTree = "<group>"; };
		54B9665F264909940028F1BF /* GenericResponse.swift */ = {isa = PBXFileReference; lastKnownFileType = sourcecode.swift; path = GenericResponse.swift; sourceTree = "<group>"; };
		54B96662264909CA0028F1BF /* APIService.swift */ = {isa = PBXFileReference; lastKnownFileType = sourcecode.swift; path = APIService.swift; sourceTree = "<group>"; };
		54B96664264909F70028F1BF /* APITarget.swift */ = {isa = PBXFileReference; lastKnownFileType = sourcecode.swift; path = APITarget.swift; sourceTree = "<group>"; };
		54B9666626490D510028F1BF /* NetworkResult.swift */ = {isa = PBXFileReference; lastKnownFileType = sourcecode.swift; path = NetworkResult.swift; sourceTree = "<group>"; };
		54B9666826490D950028F1BF /* PlainData.swift */ = {isa = PBXFileReference; lastKnownFileType = sourcecode.swift; path = PlainData.swift; sourceTree = "<group>"; };
		926314E52656306800E8E8FD /* FindFoundVC.swift */ = {isa = PBXFileReference; lastKnownFileType = sourcecode.swift; path = FindFoundVC.swift; sourceTree = "<group>"; };
		926314EC2656C5EA00E8E8FD /* FindFoundSegueCVC.swift */ = {isa = PBXFileReference; lastKnownFileType = sourcecode.swift; path = FindFoundSegueCVC.swift; sourceTree = "<group>"; };
		926314EF2656CD0E00E8E8FD /* FindView.xib */ = {isa = PBXFileReference; lastKnownFileType = file.xib; path = FindView.xib; sourceTree = "<group>"; };
		926314F62656CE8A00E8E8FD /* FindView.swift */ = {isa = PBXFileReference; lastKnownFileType = sourcecode.swift; path = FindView.swift; sourceTree = "<group>"; };
		92B10358264CFE6D003801C8 /* CustomSegmentedControl.swift */ = {isa = PBXFileReference; lastKnownFileType = sourcecode.swift; path = CustomSegmentedControl.swift; sourceTree = "<group>"; };
		92B1035B264D134E003801C8 /* FindVC1.swift */ = {isa = PBXFileReference; lastKnownFileType = sourcecode.swift; path = FindVC1.swift; sourceTree = "<group>"; };
		92B1035E264D1377003801C8 /* FoundVC1.swift */ = {isa = PBXFileReference; lastKnownFileType = sourcecode.swift; path = FoundVC1.swift; sourceTree = "<group>"; };
		92B10361264D1F50003801C8 /* FoundProfileCardCVC.swift */ = {isa = PBXFileReference; lastKnownFileType = sourcecode.swift; path = FoundProfileCardCVC.swift; sourceTree = "<group>"; };
		92B10365264D2905003801C8 /* ProfileCardDataModel.swift */ = {isa = PBXFileReference; lastKnownFileType = sourcecode.swift; path = ProfileCardDataModel.swift; sourceTree = "<group>"; };
		92B10390264E4C2A003801C8 /* BeforeTestView.swift */ = {isa = PBXFileReference; lastKnownFileType = sourcecode.swift; path = BeforeTestView.swift; sourceTree = "<group>"; };
		92B10394264E4C4C003801C8 /* BeforeTestView.xib */ = {isa = PBXFileReference; lastKnownFileType = file.xib; path = BeforeTestView.xib; sourceTree = "<group>"; };
		959D62B832062C303971ED8D /* Pods-Find-iOS.release.xcconfig */ = {isa = PBXFileReference; includeInIndex = 1; lastKnownFileType = text.xcconfig; name = "Pods-Find-iOS.release.xcconfig"; path = "Target Support Files/Pods-Find-iOS/Pods-Find-iOS.release.xcconfig"; sourceTree = "<group>"; };
		9914C355BB51240D7E5B4DC2 /* Pods_Find_iOS.framework */ = {isa = PBXFileReference; explicitFileType = wrapper.framework; includeInIndex = 0; path = Pods_Find_iOS.framework; sourceTree = BUILT_PRODUCTS_DIR; };
/* End PBXFileReference section */

/* Begin PBXFrameworksBuildPhase section */
		542A1DED26442F8B00E69A4D /* Frameworks */ = {
			isa = PBXFrameworksBuildPhase;
			buildActionMask = 2147483647;
			files = (
				771060A678E5FEDEED0DBEE0 /* Pods_Find_iOS.framework in Frameworks */,
			);
			runOnlyForDeploymentPostprocessing = 0;
		};
/* End PBXFrameworksBuildPhase section */

/* Begin PBXGroup section */
		1300E85C098F8AD59BD73442 /* Frameworks */ = {
			isa = PBXGroup;
			children = (
				9914C355BB51240D7E5B4DC2 /* Pods_Find_iOS.framework */,
			);
			name = Frameworks;
			sourceTree = "<group>";
		};
		36E83A4E692BC8F7BD8CBEA7 /* Pods */ = {
			isa = PBXGroup;
			children = (
				30A6F874187F6EA5D20A692A /* Pods-Find-iOS.debug.xcconfig */,
				959D62B832062C303971ED8D /* Pods-Find-iOS.release.xcconfig */,
			);
			path = Pods;
			sourceTree = "<group>";
		};
		542A1DE726442F8B00E69A4D = {
			isa = PBXGroup;
			children = (
				542A1DF226442F8B00E69A4D /* Find-iOS */,
				542A1DF126442F8B00E69A4D /* Products */,
				36E83A4E692BC8F7BD8CBEA7 /* Pods */,
				1300E85C098F8AD59BD73442 /* Frameworks */,
			);
			sourceTree = "<group>";
		};
		542A1DF126442F8B00E69A4D /* Products */ = {
			isa = PBXGroup;
			children = (
				542A1DF026442F8B00E69A4D /* Find-iOS.app */,
			);
			name = Products;
			sourceTree = "<group>";
		};
		542A1DF226442F8B00E69A4D /* Find-iOS */ = {
			isa = PBXGroup;
			children = (
				542A1E0B2644311F00E69A4D /* Screen */,
				542A1E092644310000E69A4D /* Global */,
				542A1E08264430D700E69A4D /* Support */,
			);
			path = "Find-iOS";
			sourceTree = "<group>";
		};
		542A1E08264430D700E69A4D /* Support */ = {
			isa = PBXGroup;
			children = (
				54B9663B264903C40028F1BF /* Font */,
				542A1DF326442F8B00E69A4D /* AppDelegate.swift */,
				542A1DF526442F8B00E69A4D /* SceneDelegate.swift */,
				542A1DFC26442F8E00E69A4D /* Assets.xcassets */,
				542A1DFE26442F8E00E69A4D /* LaunchScreen.storyboard */,
				542A1E0126442F8E00E69A4D /* Info.plist */,
			);
			path = Support;
			sourceTree = "<group>";
		};
		542A1E092644310000E69A4D /* Global */ = {
			isa = PBXGroup;
			children = (
				54B96661264909C20028F1BF /* Service */,
				54B96654264904AB0028F1BF /* Model */,
				542A1E0A2644310900E69A4D /* Extension */,
			);
			path = Global;
			sourceTree = "<group>";
		};
		542A1E0A2644310900E69A4D /* Extension */ = {
			isa = PBXGroup;
			children = (
				542A1E0D2644315200E69A4D /* UIColor+Additions.swift */,
				542A1E102644317300E69A4D /* UIView+Extension.swift */,
				542A1E13264431DE00E69A4D /* UIButton+Extension.swift */,
				54B9665D264909510028F1BF /* UILabel+Extension.swift */,
				36AE56D12649A56C00D4B9DE /* UIFont+Extension.swift */,
			);
			path = Extension;
			sourceTree = "<group>";
		};
		542A1E0B2644311F00E69A4D /* Screen */ = {
			isa = PBXGroup;
			children = (
				54B96629264902CF0028F1BF /* YourProfile */,
				54B96628264902BF0028F1BF /* FindFound */,
				54B96627264902B80028F1BF /* Interview */,
				54B96626264902AF0028F1BF /* MyProfile */,
				54B966252649029E0028F1BF /* ProfileWriting */,
				54B966242649028E0028F1BF /* TabBar */,
				542A1DF726442F8B00E69A4D /* ViewController.swift */,
				542A1DF926442F8B00E69A4D /* Main.storyboard */,
			);
			path = Screen;
			sourceTree = "<group>";
		};
		54B966242649028E0028F1BF /* TabBar */ = {
			isa = PBXGroup;
			children = (
				54B9663A264903B60028F1BF /* ViewController */,
				54B96639264903A80028F1BF /* Storyboard */,
			);
			path = TabBar;
			sourceTree = "<group>";
		};
		54B966252649029E0028F1BF /* ProfileWriting */ = {
			isa = PBXGroup;
			children = (
				54B96636264903920028F1BF /* ViewController */,
				54B96637264903960028F1BF /* Storyboard */,
			);
			path = ProfileWriting;
			sourceTree = "<group>";
		};
		54B96626264902AF0028F1BF /* MyProfile */ = {
			isa = PBXGroup;
			children = (
				54B966332649037C0028F1BF /* ViewController */,
				54B96634264903800028F1BF /* Storyboard */,
			);
			path = MyProfile;
			sourceTree = "<group>";
		};
		54B96627264902B80028F1BF /* Interview */ = {
			isa = PBXGroup;
			children = (
				54B96630264903530028F1BF /* ViewController */,
				54B96631264903580028F1BF /* Storyboard */,
			);
			path = Interview;
			sourceTree = "<group>";
		};
		54B96628264902BF0028F1BF /* FindFound */ = {
			isa = PBXGroup;
			children = (
				926314D92654F6BC00E8E8FD /* Model */,
				926314D82654F6B200E8E8FD /* Cell */,
				92B10393264E4C3F003801C8 /* View */,
				54B9662D264903420028F1BF /* ViewController */,
				54B9662E264903470028F1BF /* Storyboard */,
				92B10358264CFE6D003801C8 /* CustomSegmentedControl.swift */,
			);
			path = FindFound;
			sourceTree = "<group>";
		};
		54B96629264902CF0028F1BF /* YourProfile */ = {
			isa = PBXGroup;
			children = (
				54B9662C264903350028F1BF /* ViewController */,
				54B9662B2649032E0028F1BF /* Storyboard */,
			);
			path = YourProfile;
			sourceTree = "<group>";
		};
		54B9662B2649032E0028F1BF /* Storyboard */ = {
			isa = PBXGroup;
			children = (
				54B9663E2649040F0028F1BF /* YourProfile.storyboard */,
			);
			path = Storyboard;
			sourceTree = "<group>";
		};
		54B9662C264903350028F1BF /* ViewController */ = {
			isa = PBXGroup;
			children = (
				54B9663C264904020028F1BF /* YourProfileVC.swift */,
			);
			path = ViewController;
			sourceTree = "<group>";
		};
		54B9662D264903420028F1BF /* ViewController */ = {
			isa = PBXGroup;
			children = (
				54B966522649048A0028F1BF /* FindFoundVC1.swift */,
				92B1035B264D134E003801C8 /* FindVC1.swift */,
				92B1035E264D1377003801C8 /* FoundVC1.swift */,
				92B10390264E4C2A003801C8 /* BeforeTestView.swift */,
				926314E52656306800E8E8FD /* FindFoundVC.swift */,
			);
			path = ViewController;
			sourceTree = "<group>";
		};
		54B9662E264903470028F1BF /* Storyboard */ = {
			isa = PBXGroup;
			children = (
				54B966402649042F0028F1BF /* FindFound.storyboard */,
			);
			path = Storyboard;
			sourceTree = "<group>";
		};
		54B96630264903530028F1BF /* ViewController */ = {
			isa = PBXGroup;
			children = (
				54B96650264904800028F1BF /* InterviewVC.swift */,
			);
			path = ViewController;
			sourceTree = "<group>";
		};
		54B96631264903580028F1BF /* Storyboard */ = {
			isa = PBXGroup;
			children = (
				54B96642264904390028F1BF /* Interview.storyboard */,
			);
			path = Storyboard;
			sourceTree = "<group>";
		};
		54B966332649037C0028F1BF /* ViewController */ = {
			isa = PBXGroup;
			children = (
				54B9664E264904780028F1BF /* MyProfileVC.swift */,
			);
			path = ViewController;
			sourceTree = "<group>";
		};
		54B96634264903800028F1BF /* Storyboard */ = {
			isa = PBXGroup;
			children = (
				54B96644264904400028F1BF /* MyProfile.storyboard */,
			);
			path = Storyboard;
			sourceTree = "<group>";
		};
		54B96636264903920028F1BF /* ViewController */ = {
			isa = PBXGroup;
			children = (
				54B9664C264904660028F1BF /* ProfileWritingVC.swift */,
			);
			path = ViewController;
			sourceTree = "<group>";
		};
		54B96637264903960028F1BF /* Storyboard */ = {
			isa = PBXGroup;
			children = (
				54B96646264904490028F1BF /* ProfileWriting.storyboard */,
			);
			path = Storyboard;
			sourceTree = "<group>";
		};
		54B96639264903A80028F1BF /* Storyboard */ = {
			isa = PBXGroup;
			children = (
				54B96648264904500028F1BF /* TabBar.storyboard */,
			);
			path = Storyboard;
			sourceTree = "<group>";
		};
		54B9663A264903B60028F1BF /* ViewController */ = {
			isa = PBXGroup;
			children = (
				54B9664A2649045B0028F1BF /* TabBarVC.swift */,
			);
			path = ViewController;
			sourceTree = "<group>";
		};
		54B9663B264903C40028F1BF /* Font */ = {
			isa = PBXGroup;
			children = (
				54B966572649068F0028F1BF /* SpoqaHanSansNeo-Bold.ttf */,
				54B96658264906900028F1BF /* SpoqaHanSansNeo-Light.ttf */,
				54B966562649068E0028F1BF /* SpoqaHanSansNeo-Medium.ttf */,
				54B966552649068D0028F1BF /* SpoqaHanSansNeo-Regular.ttf */,
			);
			path = Font;
			sourceTree = "<group>";
		};
		54B96654264904AB0028F1BF /* Model */ = {
			isa = PBXGroup;
			children = (
				54B9665F264909940028F1BF /* GenericResponse.swift */,
				54B9666826490D950028F1BF /* PlainData.swift */,
			);
			path = Model;
			sourceTree = "<group>";
		};
		54B96661264909C20028F1BF /* Service */ = {
			isa = PBXGroup;
			children = (
				54B96662264909CA0028F1BF /* APIService.swift */,
				54B96664264909F70028F1BF /* APITarget.swift */,
				54B9666626490D510028F1BF /* NetworkResult.swift */,
			);
			path = Service;
			sourceTree = "<group>";
		};
		926314D82654F6B200E8E8FD /* Cell */ = {
			isa = PBXGroup;
			children = (
				92B10361264D1F50003801C8 /* FoundProfileCardCVC.swift */,
				926314EC2656C5EA00E8E8FD /* FindFoundSegueCVC.swift */,
			);
			path = Cell;
			sourceTree = "<group>";
		};
		926314D92654F6BC00E8E8FD /* Model */ = {
			isa = PBXGroup;
			children = (
				92B10365264D2905003801C8 /* ProfileCardDataModel.swift */,
			);
			path = Model;
			sourceTree = "<group>";
		};
		92B10393264E4C3F003801C8 /* View */ = {
			isa = PBXGroup;
			children = (
				926314F62656CE8A00E8E8FD /* FindView.swift */,
				92B10394264E4C4C003801C8 /* BeforeTestView.xib */,
				926314EF2656CD0E00E8E8FD /* FindView.xib */,
			);
			path = View;
			sourceTree = "<group>";
		};
/* End PBXGroup section */

/* Begin PBXNativeTarget section */
		542A1DEF26442F8B00E69A4D /* Find-iOS */ = {
			isa = PBXNativeTarget;
			buildConfigurationList = 542A1E0426442F8E00E69A4D /* Build configuration list for PBXNativeTarget "Find-iOS" */;
			buildPhases = (
				9250E9B6245FD848AA775E86 /* [CP] Check Pods Manifest.lock */,
				542A1DEC26442F8B00E69A4D /* Sources */,
				542A1DED26442F8B00E69A4D /* Frameworks */,
				542A1DEE26442F8B00E69A4D /* Resources */,
				C1CE7B1BC64D45E5036EB7F5 /* [CP] Embed Pods Frameworks */,
			);
			buildRules = (
			);
			dependencies = (
			);
			name = "Find-iOS";
			productName = "Find-iOS";
			productReference = 542A1DF026442F8B00E69A4D /* Find-iOS.app */;
			productType = "com.apple.product-type.application";
		};
/* End PBXNativeTarget section */

/* Begin PBXProject section */
		542A1DE826442F8B00E69A4D /* Project object */ = {
			isa = PBXProject;
			attributes = {
				LastSwiftUpdateCheck = 1240;
				LastUpgradeCheck = 1240;
				TargetAttributes = {
					542A1DEF26442F8B00E69A4D = {
						CreatedOnToolsVersion = 12.4;
					};
				};
			};
			buildConfigurationList = 542A1DEB26442F8B00E69A4D /* Build configuration list for PBXProject "Find-iOS" */;
			compatibilityVersion = "Xcode 9.3";
			developmentRegion = en;
			hasScannedForEncodings = 0;
			knownRegions = (
				en,
				Base,
			);
			mainGroup = 542A1DE726442F8B00E69A4D;
			productRefGroup = 542A1DF126442F8B00E69A4D /* Products */;
			projectDirPath = "";
			projectRoot = "";
			targets = (
				542A1DEF26442F8B00E69A4D /* Find-iOS */,
			);
		};
/* End PBXProject section */

/* Begin PBXResourcesBuildPhase section */
		542A1DEE26442F8B00E69A4D /* Resources */ = {
			isa = PBXResourcesBuildPhase;
			buildActionMask = 2147483647;
			files = (
				542A1E0026442F8E00E69A4D /* LaunchScreen.storyboard in Resources */,
				54B96649264904500028F1BF /* TabBar.storyboard in Resources */,
				54B9665A264906900028F1BF /* SpoqaHanSansNeo-Medium.ttf in Resources */,
				54B9663F2649040F0028F1BF /* YourProfile.storyboard in Resources */,
				54B9665B264906900028F1BF /* SpoqaHanSansNeo-Bold.ttf in Resources */,
				54B96643264904390028F1BF /* Interview.storyboard in Resources */,
				54B96659264906900028F1BF /* SpoqaHanSansNeo-Regular.ttf in Resources */,
				54B966412649042F0028F1BF /* FindFound.storyboard in Resources */,
				54B96645264904400028F1BF /* MyProfile.storyboard in Resources */,
				54B96647264904490028F1BF /* ProfileWriting.storyboard in Resources */,
				926314F02656CD0F00E8E8FD /* FindView.xib in Resources */,
				542A1DFD26442F8E00E69A4D /* Assets.xcassets in Resources */,
				92B10395264E4C4C003801C8 /* BeforeTestView.xib in Resources */,
				542A1DFB26442F8B00E69A4D /* Main.storyboard in Resources */,
				54B9665C264906900028F1BF /* SpoqaHanSansNeo-Light.ttf in Resources */,
			);
			runOnlyForDeploymentPostprocessing = 0;
		};
/* End PBXResourcesBuildPhase section */

/* Begin PBXShellScriptBuildPhase section */
		9250E9B6245FD848AA775E86 /* [CP] Check Pods Manifest.lock */ = {
			isa = PBXShellScriptBuildPhase;
			buildActionMask = 2147483647;
			files = (
			);
			inputFileListPaths = (
			);
			inputPaths = (
				"${PODS_PODFILE_DIR_PATH}/Podfile.lock",
				"${PODS_ROOT}/Manifest.lock",
			);
			name = "[CP] Check Pods Manifest.lock";
			outputFileListPaths = (
			);
			outputPaths = (
				"$(DERIVED_FILE_DIR)/Pods-Find-iOS-checkManifestLockResult.txt",
			);
			runOnlyForDeploymentPostprocessing = 0;
			shellPath = /bin/sh;
			shellScript = "diff \"${PODS_PODFILE_DIR_PATH}/Podfile.lock\" \"${PODS_ROOT}/Manifest.lock\" > /dev/null\nif [ $? != 0 ] ; then\n    # print error to STDERR\n    echo \"error: The sandbox is not in sync with the Podfile.lock. Run 'pod install' or update your CocoaPods installation.\" >&2\n    exit 1\nfi\n# This output is used by Xcode 'outputs' to avoid re-running this script phase.\necho \"SUCCESS\" > \"${SCRIPT_OUTPUT_FILE_0}\"\n";
			showEnvVarsInLog = 0;
		};
		C1CE7B1BC64D45E5036EB7F5 /* [CP] Embed Pods Frameworks */ = {
			isa = PBXShellScriptBuildPhase;
			buildActionMask = 2147483647;
			files = (
			);
			inputFileListPaths = (
				"${PODS_ROOT}/Target Support Files/Pods-Find-iOS/Pods-Find-iOS-frameworks-${CONFIGURATION}-input-files.xcfilelist",
			);
			name = "[CP] Embed Pods Frameworks";
			outputFileListPaths = (
				"${PODS_ROOT}/Target Support Files/Pods-Find-iOS/Pods-Find-iOS-frameworks-${CONFIGURATION}-output-files.xcfilelist",
			);
			runOnlyForDeploymentPostprocessing = 0;
			shellPath = /bin/sh;
			shellScript = "\"${PODS_ROOT}/Target Support Files/Pods-Find-iOS/Pods-Find-iOS-frameworks.sh\"\n";
			showEnvVarsInLog = 0;
		};
/* End PBXShellScriptBuildPhase section */

/* Begin PBXSourcesBuildPhase section */
		542A1DEC26442F8B00E69A4D /* Sources */ = {
			isa = PBXSourcesBuildPhase;
			buildActionMask = 2147483647;
			files = (
				542A1DF826442F8B00E69A4D /* ViewController.swift in Sources */,
				36AE56D22649A56C00D4B9DE /* UIFont+Extension.swift in Sources */,
				54B96663264909CA0028F1BF /* APIService.swift in Sources */,
				92B10359264CFE6D003801C8 /* CustomSegmentedControl.swift in Sources */,
				542A1E0E2644315200E69A4D /* UIColor+Additions.swift in Sources */,
				54B966532649048A0028F1BF /* FindFoundVC1.swift in Sources */,
				926314E62656306800E8E8FD /* FindFoundVC.swift in Sources */,
				54B9664F264904780028F1BF /* MyProfileVC.swift in Sources */,
				54B9664D264904660028F1BF /* ProfileWritingVC.swift in Sources */,
				926314ED2656C5EA00E8E8FD /* FindFoundSegueCVC.swift in Sources */,
				92B1035C264D134E003801C8 /* FindVC1.swift in Sources */,
				542A1DF426442F8B00E69A4D /* AppDelegate.swift in Sources */,
				54B96660264909940028F1BF /* GenericResponse.swift in Sources */,
				54B9666926490D950028F1BF /* PlainData.swift in Sources */,
				542A1E112644317300E69A4D /* UIView+Extension.swift in Sources */,
				54B9663D264904020028F1BF /* YourProfileVC.swift in Sources */,
				542A1DF626442F8B00E69A4D /* SceneDelegate.swift in Sources */,
				926314F72656CE8A00E8E8FD /* FindView.swift in Sources */,
				54B96665264909F70028F1BF /* APITarget.swift in Sources */,
				92B10391264E4C2A003801C8 /* BeforeTestView.swift in Sources */,
				54B9664B2649045B0028F1BF /* TabBarVC.swift in Sources */,
				92B1035F264D1377003801C8 /* FoundVC1.swift in Sources */,
				54B96651264904800028F1BF /* InterviewVC.swift in Sources */,
				92B10366264D2905003801C8 /* ProfileCardDataModel.swift in Sources */,
				92B10362264D1F51003801C8 /* FoundProfileCardCVC.swift in Sources */,
				54B9665E264909510028F1BF /* UILabel+Extension.swift in Sources */,
				54B9666726490D510028F1BF /* NetworkResult.swift in Sources */,
				542A1E14264431DE00E69A4D /* UIButton+Extension.swift in Sources */,
			);
			runOnlyForDeploymentPostprocessing = 0;
		};
/* End PBXSourcesBuildPhase section */

/* Begin PBXVariantGroup section */
		542A1DF926442F8B00E69A4D /* Main.storyboard */ = {
			isa = PBXVariantGroup;
			children = (
				542A1DFA26442F8B00E69A4D /* Base */,
			);
			name = Main.storyboard;
			sourceTree = "<group>";
		};
		542A1DFE26442F8E00E69A4D /* LaunchScreen.storyboard */ = {
			isa = PBXVariantGroup;
			children = (
				542A1DFF26442F8E00E69A4D /* Base */,
			);
			name = LaunchScreen.storyboard;
			sourceTree = "<group>";
		};
/* End PBXVariantGroup section */

/* Begin XCBuildConfiguration section */
		542A1E0226442F8E00E69A4D /* Debug */ = {
			isa = XCBuildConfiguration;
			buildSettings = {
				ALWAYS_SEARCH_USER_PATHS = NO;
				CLANG_ANALYZER_NONNULL = YES;
				CLANG_ANALYZER_NUMBER_OBJECT_CONVERSION = YES_AGGRESSIVE;
				CLANG_CXX_LANGUAGE_STANDARD = "gnu++14";
				CLANG_CXX_LIBRARY = "libc++";
				CLANG_ENABLE_MODULES = YES;
				CLANG_ENABLE_OBJC_ARC = YES;
				CLANG_ENABLE_OBJC_WEAK = YES;
				CLANG_WARN_BLOCK_CAPTURE_AUTORELEASING = YES;
				CLANG_WARN_BOOL_CONVERSION = YES;
				CLANG_WARN_COMMA = YES;
				CLANG_WARN_CONSTANT_CONVERSION = YES;
				CLANG_WARN_DEPRECATED_OBJC_IMPLEMENTATIONS = YES;
				CLANG_WARN_DIRECT_OBJC_ISA_USAGE = YES_ERROR;
				CLANG_WARN_DOCUMENTATION_COMMENTS = YES;
				CLANG_WARN_EMPTY_BODY = YES;
				CLANG_WARN_ENUM_CONVERSION = YES;
				CLANG_WARN_INFINITE_RECURSION = YES;
				CLANG_WARN_INT_CONVERSION = YES;
				CLANG_WARN_NON_LITERAL_NULL_CONVERSION = YES;
				CLANG_WARN_OBJC_IMPLICIT_RETAIN_SELF = YES;
				CLANG_WARN_OBJC_LITERAL_CONVERSION = YES;
				CLANG_WARN_OBJC_ROOT_CLASS = YES_ERROR;
				CLANG_WARN_QUOTED_INCLUDE_IN_FRAMEWORK_HEADER = YES;
				CLANG_WARN_RANGE_LOOP_ANALYSIS = YES;
				CLANG_WARN_STRICT_PROTOTYPES = YES;
				CLANG_WARN_SUSPICIOUS_MOVE = YES;
				CLANG_WARN_UNGUARDED_AVAILABILITY = YES_AGGRESSIVE;
				CLANG_WARN_UNREACHABLE_CODE = YES;
				CLANG_WARN__DUPLICATE_METHOD_MATCH = YES;
				COPY_PHASE_STRIP = NO;
				DEBUG_INFORMATION_FORMAT = dwarf;
				ENABLE_STRICT_OBJC_MSGSEND = YES;
				ENABLE_TESTABILITY = YES;
				GCC_C_LANGUAGE_STANDARD = gnu11;
				GCC_DYNAMIC_NO_PIC = NO;
				GCC_NO_COMMON_BLOCKS = YES;
				GCC_OPTIMIZATION_LEVEL = 0;
				GCC_PREPROCESSOR_DEFINITIONS = (
					"DEBUG=1",
					"$(inherited)",
				);
				GCC_WARN_64_TO_32_BIT_CONVERSION = YES;
				GCC_WARN_ABOUT_RETURN_TYPE = YES_ERROR;
				GCC_WARN_UNDECLARED_SELECTOR = YES;
				GCC_WARN_UNINITIALIZED_AUTOS = YES_AGGRESSIVE;
				GCC_WARN_UNUSED_FUNCTION = YES;
				GCC_WARN_UNUSED_VARIABLE = YES;
				IPHONEOS_DEPLOYMENT_TARGET = 14.4;
				MTL_ENABLE_DEBUG_INFO = INCLUDE_SOURCE;
				MTL_FAST_MATH = YES;
				ONLY_ACTIVE_ARCH = YES;
				SDKROOT = iphoneos;
				SWIFT_ACTIVE_COMPILATION_CONDITIONS = DEBUG;
				SWIFT_OPTIMIZATION_LEVEL = "-Onone";
			};
			name = Debug;
		};
		542A1E0326442F8E00E69A4D /* Release */ = {
			isa = XCBuildConfiguration;
			buildSettings = {
				ALWAYS_SEARCH_USER_PATHS = NO;
				CLANG_ANALYZER_NONNULL = YES;
				CLANG_ANALYZER_NUMBER_OBJECT_CONVERSION = YES_AGGRESSIVE;
				CLANG_CXX_LANGUAGE_STANDARD = "gnu++14";
				CLANG_CXX_LIBRARY = "libc++";
				CLANG_ENABLE_MODULES = YES;
				CLANG_ENABLE_OBJC_ARC = YES;
				CLANG_ENABLE_OBJC_WEAK = YES;
				CLANG_WARN_BLOCK_CAPTURE_AUTORELEASING = YES;
				CLANG_WARN_BOOL_CONVERSION = YES;
				CLANG_WARN_COMMA = YES;
				CLANG_WARN_CONSTANT_CONVERSION = YES;
				CLANG_WARN_DEPRECATED_OBJC_IMPLEMENTATIONS = YES;
				CLANG_WARN_DIRECT_OBJC_ISA_USAGE = YES_ERROR;
				CLANG_WARN_DOCUMENTATION_COMMENTS = YES;
				CLANG_WARN_EMPTY_BODY = YES;
				CLANG_WARN_ENUM_CONVERSION = YES;
				CLANG_WARN_INFINITE_RECURSION = YES;
				CLANG_WARN_INT_CONVERSION = YES;
				CLANG_WARN_NON_LITERAL_NULL_CONVERSION = YES;
				CLANG_WARN_OBJC_IMPLICIT_RETAIN_SELF = YES;
				CLANG_WARN_OBJC_LITERAL_CONVERSION = YES;
				CLANG_WARN_OBJC_ROOT_CLASS = YES_ERROR;
				CLANG_WARN_QUOTED_INCLUDE_IN_FRAMEWORK_HEADER = YES;
				CLANG_WARN_RANGE_LOOP_ANALYSIS = YES;
				CLANG_WARN_STRICT_PROTOTYPES = YES;
				CLANG_WARN_SUSPICIOUS_MOVE = YES;
				CLANG_WARN_UNGUARDED_AVAILABILITY = YES_AGGRESSIVE;
				CLANG_WARN_UNREACHABLE_CODE = YES;
				CLANG_WARN__DUPLICATE_METHOD_MATCH = YES;
				COPY_PHASE_STRIP = NO;
				DEBUG_INFORMATION_FORMAT = "dwarf-with-dsym";
				ENABLE_NS_ASSERTIONS = NO;
				ENABLE_STRICT_OBJC_MSGSEND = YES;
				GCC_C_LANGUAGE_STANDARD = gnu11;
				GCC_NO_COMMON_BLOCKS = YES;
				GCC_WARN_64_TO_32_BIT_CONVERSION = YES;
				GCC_WARN_ABOUT_RETURN_TYPE = YES_ERROR;
				GCC_WARN_UNDECLARED_SELECTOR = YES;
				GCC_WARN_UNINITIALIZED_AUTOS = YES_AGGRESSIVE;
				GCC_WARN_UNUSED_FUNCTION = YES;
				GCC_WARN_UNUSED_VARIABLE = YES;
				IPHONEOS_DEPLOYMENT_TARGET = 14.4;
				MTL_ENABLE_DEBUG_INFO = NO;
				MTL_FAST_MATH = YES;
				SDKROOT = iphoneos;
				SWIFT_COMPILATION_MODE = wholemodule;
				SWIFT_OPTIMIZATION_LEVEL = "-O";
				VALIDATE_PRODUCT = YES;
			};
			name = Release;
		};
		542A1E0526442F8E00E69A4D /* Debug */ = {
			isa = XCBuildConfiguration;
			baseConfigurationReference = 30A6F874187F6EA5D20A692A /* Pods-Find-iOS.debug.xcconfig */;
			buildSettings = {
				ASSETCATALOG_COMPILER_APPICON_NAME = AppIcon;
				ASSETCATALOG_COMPILER_GLOBAL_ACCENT_COLOR_NAME = AccentColor;
				CODE_SIGN_STYLE = Automatic;
				DEVELOPMENT_TEAM = N8FDQCW52Q;
				INFOPLIST_FILE = "Find-iOS/Support/Info.plist";
				LD_RUNPATH_SEARCH_PATHS = (
					"$(inherited)",
					"@executable_path/Frameworks",
				);
				PRODUCT_BUNDLE_IDENTIFIER = "wonseok.Find-iOS";
				PRODUCT_NAME = "$(TARGET_NAME)";
				SWIFT_VERSION = 5.0;
				TARGETED_DEVICE_FAMILY = "1,2";
			};
			name = Debug;
		};
		542A1E0626442F8E00E69A4D /* Release */ = {
			isa = XCBuildConfiguration;
			baseConfigurationReference = 959D62B832062C303971ED8D /* Pods-Find-iOS.release.xcconfig */;
			buildSettings = {
				ASSETCATALOG_COMPILER_APPICON_NAME = AppIcon;
				ASSETCATALOG_COMPILER_GLOBAL_ACCENT_COLOR_NAME = AccentColor;
				CODE_SIGN_STYLE = Automatic;
				DEVELOPMENT_TEAM = N8FDQCW52Q;
				INFOPLIST_FILE = "Find-iOS/Support/Info.plist";
				LD_RUNPATH_SEARCH_PATHS = (
					"$(inherited)",
					"@executable_path/Frameworks",
				);
				PRODUCT_BUNDLE_IDENTIFIER = "wonseok.Find-iOS";
				PRODUCT_NAME = "$(TARGET_NAME)";
				SWIFT_VERSION = 5.0;
				TARGETED_DEVICE_FAMILY = "1,2";
			};
			name = Release;
		};
/* End XCBuildConfiguration section */

/* Begin XCConfigurationList section */
		542A1DEB26442F8B00E69A4D /* Build configuration list for PBXProject "Find-iOS" */ = {
			isa = XCConfigurationList;
			buildConfigurations = (
				542A1E0226442F8E00E69A4D /* Debug */,
				542A1E0326442F8E00E69A4D /* Release */,
			);
			defaultConfigurationIsVisible = 0;
			defaultConfigurationName = Release;
		};
		542A1E0426442F8E00E69A4D /* Build configuration list for PBXNativeTarget "Find-iOS" */ = {
			isa = XCConfigurationList;
			buildConfigurations = (
				542A1E0526442F8E00E69A4D /* Debug */,
				542A1E0626442F8E00E69A4D /* Release */,
			);
			defaultConfigurationIsVisible = 0;
			defaultConfigurationName = Release;
		};
/* End XCConfigurationList section */
	};
	rootObject = 542A1DE826442F8B00E69A4D /* Project object */;
}
