// !$*UTF8*$!
{
	archiveVersion = 1;
	classes = {
	};
	objectVersion = 51;
	objects = {

/* Begin PBXBuildFile section */
		3618F64E264FBD49006CF618 /* IntroductionVC.swift in Sources */ = {isa = PBXBuildFile; fileRef = 3618F64D264FBD49006CF618 /* IntroductionVC.swift */; };
		3618F65E2650123F006CF618 /* Introduction.storyboard in Resources */ = {isa = PBXBuildFile; fileRef = 3618F65D2650123F006CF618 /* Introduction.storyboard */; };
		361B6E512653B4FA00ACF88A /* ProfileImages.swift in Sources */ = {isa = PBXBuildFile; fileRef = 361B6E502653B4FA00ACF88A /* ProfileImages.swift */; };
		361B6EE22655856E00ACF88A /* BasicInfoData.swift in Sources */ = {isa = PBXBuildFile; fileRef = 361B6EE12655856E00ACF88A /* BasicInfoData.swift */; };
		365B494D26613D5500713438 /* ProfileGuide.storyboard in Resources */ = {isa = PBXBuildFile; fileRef = 365B494C26613D5500713438 /* ProfileGuide.storyboard */; };
		365B495026613F0200713438 /* ProfileGuideVC.swift in Sources */ = {isa = PBXBuildFile; fileRef = 365B494F26613F0200713438 /* ProfileGuideVC.swift */; };
		36693DAA26564DBC00A27793 /* ProfileCVCell.swift in Sources */ = {isa = PBXBuildFile; fileRef = 36693DA926564DBC00A27793 /* ProfileCVCell.swift */; };
		36693DBC2656A65D00A27793 /* BasicInfoCVCell.swift in Sources */ = {isa = PBXBuildFile; fileRef = 36693DBB2656A65D00A27793 /* BasicInfoCVCell.swift */; };
		36AE56D22649A56C00D4B9DE /* UIFont+Extension.swift in Sources */ = {isa = PBXBuildFile; fileRef = 36AE56D12649A56C00D4B9DE /* UIFont+Extension.swift */; };
		373E1EE7265CEFE000516B47 /* ParentVC.swift in Sources */ = {isa = PBXBuildFile; fileRef = 373E1EE6265CEFE000516B47 /* ParentVC.swift */; };
		3771675C2645791C00AE3A15 /* GetQuestionCategory.swift in Sources */ = {isa = PBXBuildFile; fileRef = 3771675B2645791C00AE3A15 /* GetQuestionCategory.swift */; };
		3771675E26457E8000AE3A15 /* ValueTestQuestionTVC.swift in Sources */ = {isa = PBXBuildFile; fileRef = 3771675D26457E8000AE3A15 /* ValueTestQuestionTVC.swift */; };
		377167602645ADAD00AE3A15 /* ValueListTVC.swift in Sources */ = {isa = PBXBuildFile; fileRef = 3771675F2645ADAD00AE3A15 /* ValueListTVC.swift */; };
		377C2777264446FD003FF385 /* ValueTest.storyboard in Resources */ = {isa = PBXBuildFile; fileRef = 377C2776264446FD003FF385 /* ValueTest.storyboard */; };
		377C277A2644470C003FF385 /* ValueList.storyboard in Resources */ = {isa = PBXBuildFile; fileRef = 377C27792644470C003FF385 /* ValueList.storyboard */; };
		377C277D26444750003FF385 /* ValueTestVC.swift in Sources */ = {isa = PBXBuildFile; fileRef = 377C277C26444750003FF385 /* ValueTestVC.swift */; };
		377C278026444761003FF385 /* ValueListVC.swift in Sources */ = {isa = PBXBuildFile; fileRef = 377C277F26444761003FF385 /* ValueListVC.swift */; };
		377C278826445D84003FF385 /* Questions.swift in Sources */ = {isa = PBXBuildFile; fileRef = 377C278726445D84003FF385 /* Questions.swift */; };
		378E3A0E26503E910023A326 /* UIViewController+Extension.swift in Sources */ = {isa = PBXBuildFile; fileRef = 378E3A0D26503E910023A326 /* UIViewController+Extension.swift */; };
		378E3A10265044190023A326 /* ValueListCVC.swift in Sources */ = {isa = PBXBuildFile; fileRef = 378E3A0F265044190023A326 /* ValueListCVC.swift */; };
		378E3A1426526ED40023A326 /* MatchingLottie.storyboard in Resources */ = {isa = PBXBuildFile; fileRef = 378E3A1326526ED40023A326 /* MatchingLottie.storyboard */; };
		378E3A1626526EEC0023A326 /* MatchingLottieVC.swift in Sources */ = {isa = PBXBuildFile; fileRef = 378E3A1526526EEC0023A326 /* MatchingLottieVC.swift */; };
		37A18C172653F29B00E3B67C /* 10649-gradient-loading.json in Resources */ = {isa = PBXBuildFile; fileRef = 37A18C162653F29B00E3B67C /* 10649-gradient-loading.json */; };
		37A18C19265402B300E3B67C /* YourValue.storyboard in Resources */ = {isa = PBXBuildFile; fileRef = 37A18C18265402B300E3B67C /* YourValue.storyboard */; };
		37A18C1B265402C300E3B67C /* YourValueVC.swift in Sources */ = {isa = PBXBuildFile; fileRef = 37A18C1A265402C300E3B67C /* YourValueVC.swift */; };
		37F1E0BC26581A4700D810BE /* YourValueHeaderCVC.swift in Sources */ = {isa = PBXBuildFile; fileRef = 37F1E0BB26581A4700D810BE /* YourValueHeaderCVC.swift */; };
		37F1E0BE26581AAD00D810BE /* YourValueListCVC.swift in Sources */ = {isa = PBXBuildFile; fileRef = 37F1E0BD26581AAD00D810BE /* YourValueListCVC.swift */; };
		37F1E0C2265828D900D810BE /* ValueFilter.swift in Sources */ = {isa = PBXBuildFile; fileRef = 37F1E0C1265828D900D810BE /* ValueFilter.swift */; };
		37F1E0C4265834B300D810BE /* ValueFilterAll.swift in Sources */ = {isa = PBXBuildFile; fileRef = 37F1E0C3265834B300D810BE /* ValueFilterAll.swift */; };
		5412CC1A26526279003EDA6C /* InterviewCVCell.swift in Sources */ = {isa = PBXBuildFile; fileRef = 5412CC1926526279003EDA6C /* InterviewCVCell.swift */; };
		542A1DF426442F8B00E69A4D /* AppDelegate.swift in Sources */ = {isa = PBXBuildFile; fileRef = 542A1DF326442F8B00E69A4D /* AppDelegate.swift */; };
		542A1DF626442F8B00E69A4D /* SceneDelegate.swift in Sources */ = {isa = PBXBuildFile; fileRef = 542A1DF526442F8B00E69A4D /* SceneDelegate.swift */; };
		542A1DF826442F8B00E69A4D /* ViewController.swift in Sources */ = {isa = PBXBuildFile; fileRef = 542A1DF726442F8B00E69A4D /* ViewController.swift */; };
		542A1DFB26442F8B00E69A4D /* Main.storyboard in Resources */ = {isa = PBXBuildFile; fileRef = 542A1DF926442F8B00E69A4D /* Main.storyboard */; };
		542A1DFD26442F8E00E69A4D /* Assets.xcassets in Resources */ = {isa = PBXBuildFile; fileRef = 542A1DFC26442F8E00E69A4D /* Assets.xcassets */; };
		542A1E0026442F8E00E69A4D /* LaunchScreen.storyboard in Resources */ = {isa = PBXBuildFile; fileRef = 542A1DFE26442F8E00E69A4D /* LaunchScreen.storyboard */; };
		542A1E0E2644315200E69A4D /* UIColor+Additions.swift in Sources */ = {isa = PBXBuildFile; fileRef = 542A1E0D2644315200E69A4D /* UIColor+Additions.swift */; };
		542A1E112644317300E69A4D /* UIView+Extension.swift in Sources */ = {isa = PBXBuildFile; fileRef = 542A1E102644317300E69A4D /* UIView+Extension.swift */; };
		542A1E14264431DE00E69A4D /* UIButton+Extension.swift in Sources */ = {isa = PBXBuildFile; fileRef = 542A1E13264431DE00E69A4D /* UIButton+Extension.swift */; };
		542B5125265D494700A2006A /* MatchingDibsCVCell.swift in Sources */ = {isa = PBXBuildFile; fileRef = 542B5123265D494700A2006A /* MatchingDibsCVCell.swift */; };
		542B5126265D494700A2006A /* MatchingDibsCVCell.xib in Resources */ = {isa = PBXBuildFile; fileRef = 542B5124265D494700A2006A /* MatchingDibsCVCell.xib */; };
		5461109C26553E350009B5CF /* MatchingStatus.storyboard in Resources */ = {isa = PBXBuildFile; fileRef = 5461109B26553E350009B5CF /* MatchingStatus.storyboard */; };
		5461109E26553E490009B5CF /* MatchingStatusVC.swift in Sources */ = {isa = PBXBuildFile; fileRef = 5461109D26553E490009B5CF /* MatchingStatusVC.swift */; };
		546110A0265541450009B5CF /* MatchingStatusNC.swift in Sources */ = {isa = PBXBuildFile; fileRef = 5461109F265541450009B5CF /* MatchingStatusNC.swift */; };
		546110A22655463B0009B5CF /* MatchingStatusCVCell.swift in Sources */ = {isa = PBXBuildFile; fileRef = 546110A12655463B0009B5CF /* MatchingStatusCVCell.swift */; };
		546110AB265551740009B5CF /* ConnectedTVCell.swift in Sources */ = {isa = PBXBuildFile; fileRef = 546110A9265551740009B5CF /* ConnectedTVCell.swift */; };
		546110AC265551740009B5CF /* ConnectedTVCell.xib in Resources */ = {isa = PBXBuildFile; fileRef = 546110AA265551740009B5CF /* ConnectedTVCell.xib */; };
		546110B1265551AF0009B5CF /* FeelingTVCell.swift in Sources */ = {isa = PBXBuildFile; fileRef = 546110AF265551AF0009B5CF /* FeelingTVCell.swift */; };
		546110B2265551AF0009B5CF /* FeelingTVCell.xib in Resources */ = {isa = PBXBuildFile; fileRef = 546110B0265551AF0009B5CF /* FeelingTVCell.xib */; };
		546110B5265552F40009B5CF /* DibsTVCell.swift in Sources */ = {isa = PBXBuildFile; fileRef = 546110B3265552F40009B5CF /* DibsTVCell.swift */; };
		546110B6265552F40009B5CF /* DibsTVCell.xib in Resources */ = {isa = PBXBuildFile; fileRef = 546110B4265552F40009B5CF /* DibsTVCell.xib */; };
		546110B9265556470009B5CF /* FeelingCVCell.swift in Sources */ = {isa = PBXBuildFile; fileRef = 546110B7265556470009B5CF /* FeelingCVCell.swift */; };
		546110BA265556470009B5CF /* FeelingCVCell.xib in Resources */ = {isa = PBXBuildFile; fileRef = 546110B8265556470009B5CF /* FeelingCVCell.xib */; };
		546110C526575C680009B5CF /* MatchingHeader.swift in Sources */ = {isa = PBXBuildFile; fileRef = 546110C426575C680009B5CF /* MatchingHeader.swift */; };
		546110C726575C980009B5CF /* MatchingHeader.xib in Resources */ = {isa = PBXBuildFile; fileRef = 546110C626575C980009B5CF /* MatchingHeader.xib */; };
		546110C926578C310009B5CF /* MatchingFooter.xib in Resources */ = {isa = PBXBuildFile; fileRef = 546110C826578C310009B5CF /* MatchingFooter.xib */; };
		546110CB26578C420009B5CF /* MatchingFooter.swift in Sources */ = {isa = PBXBuildFile; fileRef = 546110CA26578C420009B5CF /* MatchingFooter.swift */; };
		546110CE265A480C0009B5CF /* MatchingData.swift in Sources */ = {isa = PBXBuildFile; fileRef = 546110CD265A480C0009B5CF /* MatchingData.swift */; };
		548A677C264FF1820014CBE8 /* InterviewPhotoCVCell.swift in Sources */ = {isa = PBXBuildFile; fileRef = 548A677B264FF1820014CBE8 /* InterviewPhotoCVCell.swift */; };
		548A677E264FF95D0014CBE8 /* InterviewQestionCVCell.xib in Resources */ = {isa = PBXBuildFile; fileRef = 548A677D264FF95D0014CBE8 /* InterviewQestionCVCell.xib */; };
		548A6780264FFD2F0014CBE8 /* InterviewPhotoCVCell.xib in Resources */ = {isa = PBXBuildFile; fileRef = 548A677F264FFD2F0014CBE8 /* InterviewPhotoCVCell.xib */; };
		548A6783265009AC0014CBE8 /* photoPreviewCVCell.swift in Sources */ = {isa = PBXBuildFile; fileRef = 548A6781265009AC0014CBE8 /* photoPreviewCVCell.swift */; };
		548A6784265009AC0014CBE8 /* photoPreviewCVCell.xib in Resources */ = {isa = PBXBuildFile; fileRef = 548A6782265009AC0014CBE8 /* photoPreviewCVCell.xib */; };
		548C8C8826502CED007EC128 /* InterviewImages.swift in Sources */ = {isa = PBXBuildFile; fileRef = 548C8C8726502CED007EC128 /* InterviewImages.swift */; };
		54A0385E264CDFA700EDF78F /* UIDevice+ScreenSize.swift in Sources */ = {isa = PBXBuildFile; fileRef = 54A0385D264CDFA700EDF78F /* UIDevice+ScreenSize.swift */; };
		54A0386C264D68CE00EDF78F /* InterviewQestionCVCell.swift in Sources */ = {isa = PBXBuildFile; fileRef = 54A0386B264D68CE00EDF78F /* InterviewQestionCVCell.swift */; };
		54A0386F264D6A0100EDF78F /* InterviewData.swift in Sources */ = {isa = PBXBuildFile; fileRef = 54A0386E264D6A0100EDF78F /* InterviewData.swift */; };
		54A03871264D6BA100EDF78F /* GetInterviewCategory.swift in Sources */ = {isa = PBXBuildFile; fileRef = 54A03870264D6BA100EDF78F /* GetInterviewCategory.swift */; };
		54A03873264D73CC00EDF78F /* UITextField+Extension.swift in Sources */ = {isa = PBXBuildFile; fileRef = 54A03872264D73CC00EDF78F /* UITextField+Extension.swift */; };
		54B9663D264904020028F1BF /* YourProfileVC.swift in Sources */ = {isa = PBXBuildFile; fileRef = 54B9663C264904020028F1BF /* YourProfileVC.swift */; };
		54B9663F2649040F0028F1BF /* YourProfile.storyboard in Resources */ = {isa = PBXBuildFile; fileRef = 54B9663E2649040F0028F1BF /* YourProfile.storyboard */; };
		54B966412649042F0028F1BF /* FindFound.storyboard in Resources */ = {isa = PBXBuildFile; fileRef = 54B966402649042F0028F1BF /* FindFound.storyboard */; };
		54B96643264904390028F1BF /* Interview.storyboard in Resources */ = {isa = PBXBuildFile; fileRef = 54B96642264904390028F1BF /* Interview.storyboard */; };
		54B96645264904400028F1BF /* MyProfile.storyboard in Resources */ = {isa = PBXBuildFile; fileRef = 54B96644264904400028F1BF /* MyProfile.storyboard */; };
		54B96647264904490028F1BF /* ProfileWriting.storyboard in Resources */ = {isa = PBXBuildFile; fileRef = 54B96646264904490028F1BF /* ProfileWriting.storyboard */; };
		54B96649264904500028F1BF /* TabBar.storyboard in Resources */ = {isa = PBXBuildFile; fileRef = 54B96648264904500028F1BF /* TabBar.storyboard */; };
		54B9664D264904660028F1BF /* ProfileWritingVC.swift in Sources */ = {isa = PBXBuildFile; fileRef = 54B9664C264904660028F1BF /* ProfileWritingVC.swift */; };
		54B9664F264904780028F1BF /* MyProfileVC.swift in Sources */ = {isa = PBXBuildFile; fileRef = 54B9664E264904780028F1BF /* MyProfileVC.swift */; };
		54B96651264904800028F1BF /* InterviewVC.swift in Sources */ = {isa = PBXBuildFile; fileRef = 54B96650264904800028F1BF /* InterviewVC.swift */; };
		54B96659264906900028F1BF /* SpoqaHanSansNeo-Regular.ttf in Resources */ = {isa = PBXBuildFile; fileRef = 54B966552649068D0028F1BF /* SpoqaHanSansNeo-Regular.ttf */; };
		54B9665A264906900028F1BF /* SpoqaHanSansNeo-Medium.ttf in Resources */ = {isa = PBXBuildFile; fileRef = 54B966562649068E0028F1BF /* SpoqaHanSansNeo-Medium.ttf */; };
		54B9665B264906900028F1BF /* SpoqaHanSansNeo-Bold.ttf in Resources */ = {isa = PBXBuildFile; fileRef = 54B966572649068F0028F1BF /* SpoqaHanSansNeo-Bold.ttf */; };
		54B9665C264906900028F1BF /* SpoqaHanSansNeo-Light.ttf in Resources */ = {isa = PBXBuildFile; fileRef = 54B96658264906900028F1BF /* SpoqaHanSansNeo-Light.ttf */; };
		54B9665E264909510028F1BF /* UILabel+Extension.swift in Sources */ = {isa = PBXBuildFile; fileRef = 54B9665D264909510028F1BF /* UILabel+Extension.swift */; };
		54B96660264909940028F1BF /* GenericResponse.swift in Sources */ = {isa = PBXBuildFile; fileRef = 54B9665F264909940028F1BF /* GenericResponse.swift */; };
		54B96663264909CA0028F1BF /* APIService.swift in Sources */ = {isa = PBXBuildFile; fileRef = 54B96662264909CA0028F1BF /* APIService.swift */; };
		54B96665264909F70028F1BF /* APITarget.swift in Sources */ = {isa = PBXBuildFile; fileRef = 54B96664264909F70028F1BF /* APITarget.swift */; };
		54B9666726490D510028F1BF /* NetworkResult.swift in Sources */ = {isa = PBXBuildFile; fileRef = 54B9666626490D510028F1BF /* NetworkResult.swift */; };
		54B9666926490D950028F1BF /* PlainData.swift in Sources */ = {isa = PBXBuildFile; fileRef = 54B9666826490D950028F1BF /* PlainData.swift */; };
		54B9666D2649250B0028F1BF /* FindTabBarController.swift in Sources */ = {isa = PBXBuildFile; fileRef = 54B9666C2649250B0028F1BF /* FindTabBarController.swift */; };
		54BA2442265F87E70084D35A /* GetMyMatchingData.swift in Sources */ = {isa = PBXBuildFile; fileRef = 54BA2441265F87E70084D35A /* GetMyMatchingData.swift */; };
		54BA2444265FB7700084D35A /* MatchingRequestDelegate.swift in Sources */ = {isa = PBXBuildFile; fileRef = 54BA2443265FB7700084D35A /* MatchingRequestDelegate.swift */; };
		54BA2448266095C00084D35A /* noDataTVCell.swift in Sources */ = {isa = PBXBuildFile; fileRef = 54BA2446266095C00084D35A /* noDataTVCell.swift */; };
		54BA2449266095C00084D35A /* noDataTVCell.xib in Resources */ = {isa = PBXBuildFile; fileRef = 54BA2447266095C00084D35A /* noDataTVCell.xib */; };
		54E1BA20264A84550076C306 /* MyProfileNC.swift in Sources */ = {isa = PBXBuildFile; fileRef = 54E1BA1F264A84550076C306 /* MyProfileNC.swift */; };
		54E1BA22264A84AB0076C306 /* FindFoundNC.swift in Sources */ = {isa = PBXBuildFile; fileRef = 54E1BA21264A84AB0076C306 /* FindFoundNC.swift */; };
		771060A678E5FEDEED0DBEE0 /* Pods_Find_iOS.framework in Frameworks */ = {isa = PBXBuildFile; fileRef = 9914C355BB51240D7E5B4DC2 /* Pods_Find_iOS.framework */; };
		920EEFF526578786009F263A /* FoundView.xib in Resources */ = {isa = PBXBuildFile; fileRef = 920EEFF426578786009F263A /* FoundView.xib */; };
		920EEFF826578795009F263A /* FoundView.swift in Sources */ = {isa = PBXBuildFile; fileRef = 920EEFF726578795009F263A /* FoundView.swift */; };
		920EF00826579D66009F263A /* FoundProfileCardCVCell.swift in Sources */ = {isa = PBXBuildFile; fileRef = 920EF00626579D66009F263A /* FoundProfileCardCVCell.swift */; };
		920EF00926579D66009F263A /* FoundProfileCardCVCell.xib in Resources */ = {isa = PBXBuildFile; fileRef = 920EF00726579D66009F263A /* FoundProfileCardCVCell.xib */; };
		920FD8F5265D1B6700AE9936 /* InterviewImgCVCell.swift in Sources */ = {isa = PBXBuildFile; fileRef = 920FD8F4265D1B6700AE9936 /* InterviewImgCVCell.swift */; };
		926314CA2654494A00E8E8FD /* SegueInterviewCVC.swift in Sources */ = {isa = PBXBuildFile; fileRef = 926314C92654494A00E8E8FD /* SegueInterviewCVC.swift */; };
		926314D2265451D700E8E8FD /* InterviewImgTVC.swift in Sources */ = {isa = PBXBuildFile; fileRef = 926314D1265451D700E8E8FD /* InterviewImgTVC.swift */; };
		926314D52654523F00E8E8FD /* InterviewAnswerTVC.swift in Sources */ = {isa = PBXBuildFile; fileRef = 926314D42654523F00E8E8FD /* InterviewAnswerTVC.swift */; };
		926314E62656306800E8E8FD /* FindFoundVC.swift in Sources */ = {isa = PBXBuildFile; fileRef = 926314E52656306800E8E8FD /* FindFoundVC.swift */; };
		926314ED2656C5EA00E8E8FD /* FindFoundSegueCVC.swift in Sources */ = {isa = PBXBuildFile; fileRef = 926314EC2656C5EA00E8E8FD /* FindFoundSegueCVC.swift */; };
		926314F02656CD0F00E8E8FD /* FindView.xib in Resources */ = {isa = PBXBuildFile; fileRef = 926314EF2656CD0E00E8E8FD /* FindView.xib */; };
		926314F72656CE8A00E8E8FD /* FindView.swift in Sources */ = {isa = PBXBuildFile; fileRef = 926314F62656CE8A00E8E8FD /* FindView.swift */; };
		92B10366264D2905003801C8 /* ProfileCardDataModel.swift in Sources */ = {isa = PBXBuildFile; fileRef = 92B10365264D2905003801C8 /* ProfileCardDataModel.swift */; };
		92B10391264E4C2A003801C8 /* BeforeTestView.swift in Sources */ = {isa = PBXBuildFile; fileRef = 92B10390264E4C2A003801C8 /* BeforeTestView.swift */; };
		92B10395264E4C4C003801C8 /* BeforeTestView.xib in Resources */ = {isa = PBXBuildFile; fileRef = 92B10394264E4C4C003801C8 /* BeforeTestView.xib */; };
		92F8DF9F2660B3880029C325 /* InterviewQAData.swift in Sources */ = {isa = PBXBuildFile; fileRef = 92F8DF9E2660B3870029C325 /* InterviewQAData.swift */; };
		92F8DFA22660C5770029C325 /* FoundProfileCardData.swift in Sources */ = {isa = PBXBuildFile; fileRef = 92F8DFA12660C5760029C325 /* FoundProfileCardData.swift */; };
		92F8DFE1266289DE0029C325 /* BeforeAnswerView.xib in Resources */ = {isa = PBXBuildFile; fileRef = 92F8DFE0266289DE0029C325 /* BeforeAnswerView.xib */; };
		92F8DFE826628A2F0029C325 /* BeforeAnswerView.swift in Sources */ = {isa = PBXBuildFile; fileRef = 92F8DFE726628A2F0029C325 /* BeforeAnswerView.swift */; };
		92F8DFF2266295FA0029C325 /* AfterAnswerView.xib in Resources */ = {isa = PBXBuildFile; fileRef = 92F8DFF1266295FA0029C325 /* AfterAnswerView.xib */; };
		92F8DFF5266296070029C325 /* AfterAnswerView.swift in Sources */ = {isa = PBXBuildFile; fileRef = 92F8DFF4266296070029C325 /* AfterAnswerView.swift */; };
/* End PBXBuildFile section */

/* Begin PBXFileReference section */
		30A6F874187F6EA5D20A692A /* Pods-Find-iOS.debug.xcconfig */ = {isa = PBXFileReference; includeInIndex = 1; lastKnownFileType = text.xcconfig; name = "Pods-Find-iOS.debug.xcconfig"; path = "Target Support Files/Pods-Find-iOS/Pods-Find-iOS.debug.xcconfig"; sourceTree = "<group>"; };
		3618F64D264FBD49006CF618 /* IntroductionVC.swift */ = {isa = PBXFileReference; lastKnownFileType = sourcecode.swift; path = IntroductionVC.swift; sourceTree = "<group>"; };
		3618F65D2650123F006CF618 /* Introduction.storyboard */ = {isa = PBXFileReference; fileEncoding = 4; lastKnownFileType = file.storyboard; path = Introduction.storyboard; sourceTree = "<group>"; };
		361B6E502653B4FA00ACF88A /* ProfileImages.swift */ = {isa = PBXFileReference; lastKnownFileType = sourcecode.swift; name = ProfileImages.swift; path = Model/ProfileImages.swift; sourceTree = "<group>"; };
		361B6EE12655856E00ACF88A /* BasicInfoData.swift */ = {isa = PBXFileReference; lastKnownFileType = sourcecode.swift; name = BasicInfoData.swift; path = Model/BasicInfoData.swift; sourceTree = "<group>"; };
		365B494C26613D5500713438 /* ProfileGuide.storyboard */ = {isa = PBXFileReference; lastKnownFileType = file.storyboard; path = ProfileGuide.storyboard; sourceTree = "<group>"; };
		365B494F26613F0200713438 /* ProfileGuideVC.swift */ = {isa = PBXFileReference; lastKnownFileType = sourcecode.swift; path = ProfileGuideVC.swift; sourceTree = "<group>"; };
		36693DA926564DBC00A27793 /* ProfileCVCell.swift */ = {isa = PBXFileReference; lastKnownFileType = sourcecode.swift; name = ProfileCVCell.swift; path = Cell/ProfileCVCell.swift; sourceTree = "<group>"; };
		36693DBB2656A65D00A27793 /* BasicInfoCVCell.swift */ = {isa = PBXFileReference; lastKnownFileType = sourcecode.swift; name = BasicInfoCVCell.swift; path = Cell/BasicInfoCVCell.swift; sourceTree = "<group>"; };
		36AE56D12649A56C00D4B9DE /* UIFont+Extension.swift */ = {isa = PBXFileReference; lastKnownFileType = sourcecode.swift; path = "UIFont+Extension.swift"; sourceTree = "<group>"; };
		373E1EE6265CEFE000516B47 /* ParentVC.swift */ = {isa = PBXFileReference; lastKnownFileType = sourcecode.swift; path = ParentVC.swift; sourceTree = "<group>"; };
		3771675B2645791C00AE3A15 /* GetQuestionCategory.swift */ = {isa = PBXFileReference; lastKnownFileType = sourcecode.swift; path = GetQuestionCategory.swift; sourceTree = "<group>"; };
		3771675D26457E8000AE3A15 /* ValueTestQuestionTVC.swift */ = {isa = PBXFileReference; lastKnownFileType = sourcecode.swift; path = ValueTestQuestionTVC.swift; sourceTree = "<group>"; };
		3771675F2645ADAD00AE3A15 /* ValueListTVC.swift */ = {isa = PBXFileReference; lastKnownFileType = sourcecode.swift; path = ValueListTVC.swift; sourceTree = "<group>"; };
		377C2776264446FD003FF385 /* ValueTest.storyboard */ = {isa = PBXFileReference; lastKnownFileType = file.storyboard; path = ValueTest.storyboard; sourceTree = "<group>"; };
		377C27792644470C003FF385 /* ValueList.storyboard */ = {isa = PBXFileReference; lastKnownFileType = file.storyboard; path = ValueList.storyboard; sourceTree = "<group>"; };
		377C277C26444750003FF385 /* ValueTestVC.swift */ = {isa = PBXFileReference; lastKnownFileType = sourcecode.swift; path = ValueTestVC.swift; sourceTree = "<group>"; };
		377C277F26444761003FF385 /* ValueListVC.swift */ = {isa = PBXFileReference; lastKnownFileType = sourcecode.swift; path = ValueListVC.swift; sourceTree = "<group>"; };
		377C278726445D84003FF385 /* Questions.swift */ = {isa = PBXFileReference; lastKnownFileType = sourcecode.swift; path = Questions.swift; sourceTree = "<group>"; };
		378E3A0D26503E910023A326 /* UIViewController+Extension.swift */ = {isa = PBXFileReference; lastKnownFileType = sourcecode.swift; path = "UIViewController+Extension.swift"; sourceTree = "<group>"; };
		378E3A0F265044190023A326 /* ValueListCVC.swift */ = {isa = PBXFileReference; lastKnownFileType = sourcecode.swift; path = ValueListCVC.swift; sourceTree = "<group>"; };
		378E3A1326526ED40023A326 /* MatchingLottie.storyboard */ = {isa = PBXFileReference; lastKnownFileType = file.storyboard; path = MatchingLottie.storyboard; sourceTree = "<group>"; };
		378E3A1526526EEC0023A326 /* MatchingLottieVC.swift */ = {isa = PBXFileReference; lastKnownFileType = sourcecode.swift; path = MatchingLottieVC.swift; sourceTree = "<group>"; };
		37A18C162653F29B00E3B67C /* 10649-gradient-loading.json */ = {isa = PBXFileReference; fileEncoding = 4; lastKnownFileType = text.json; path = "10649-gradient-loading.json"; sourceTree = "<group>"; };
		37A18C18265402B300E3B67C /* YourValue.storyboard */ = {isa = PBXFileReference; lastKnownFileType = file.storyboard; path = YourValue.storyboard; sourceTree = "<group>"; };
		37A18C1A265402C300E3B67C /* YourValueVC.swift */ = {isa = PBXFileReference; lastKnownFileType = sourcecode.swift; path = YourValueVC.swift; sourceTree = "<group>"; };
		37F1E0BB26581A4700D810BE /* YourValueHeaderCVC.swift */ = {isa = PBXFileReference; lastKnownFileType = sourcecode.swift; path = YourValueHeaderCVC.swift; sourceTree = "<group>"; };
		37F1E0BD26581AAD00D810BE /* YourValueListCVC.swift */ = {isa = PBXFileReference; lastKnownFileType = sourcecode.swift; path = YourValueListCVC.swift; sourceTree = "<group>"; };
		37F1E0C1265828D900D810BE /* ValueFilter.swift */ = {isa = PBXFileReference; lastKnownFileType = sourcecode.swift; path = ValueFilter.swift; sourceTree = "<group>"; };
		37F1E0C3265834B300D810BE /* ValueFilterAll.swift */ = {isa = PBXFileReference; lastKnownFileType = sourcecode.swift; path = ValueFilterAll.swift; sourceTree = "<group>"; };
		5412CC1926526279003EDA6C /* InterviewCVCell.swift */ = {isa = PBXFileReference; lastKnownFileType = sourcecode.swift; path = InterviewCVCell.swift; sourceTree = "<group>"; };
		542A1DF026442F8B00E69A4D /* Find-iOS.app */ = {isa = PBXFileReference; explicitFileType = wrapper.application; includeInIndex = 0; path = "Find-iOS.app"; sourceTree = BUILT_PRODUCTS_DIR; };
		542A1DF326442F8B00E69A4D /* AppDelegate.swift */ = {isa = PBXFileReference; lastKnownFileType = sourcecode.swift; path = AppDelegate.swift; sourceTree = "<group>"; };
		542A1DF526442F8B00E69A4D /* SceneDelegate.swift */ = {isa = PBXFileReference; lastKnownFileType = sourcecode.swift; path = SceneDelegate.swift; sourceTree = "<group>"; };
		542A1DF726442F8B00E69A4D /* ViewController.swift */ = {isa = PBXFileReference; lastKnownFileType = sourcecode.swift; path = ViewController.swift; sourceTree = "<group>"; };
		542A1DFA26442F8B00E69A4D /* Base */ = {isa = PBXFileReference; lastKnownFileType = file.storyboard; name = Base; path = Base.lproj/Main.storyboard; sourceTree = "<group>"; };
		542A1DFC26442F8E00E69A4D /* Assets.xcassets */ = {isa = PBXFileReference; lastKnownFileType = folder.assetcatalog; path = Assets.xcassets; sourceTree = "<group>"; };
		542A1DFF26442F8E00E69A4D /* Base */ = {isa = PBXFileReference; lastKnownFileType = file.storyboard; name = Base; path = Base.lproj/LaunchScreen.storyboard; sourceTree = "<group>"; };
		542A1E0126442F8E00E69A4D /* Info.plist */ = {isa = PBXFileReference; lastKnownFileType = text.plist.xml; path = Info.plist; sourceTree = "<group>"; };
		542A1E0D2644315200E69A4D /* UIColor+Additions.swift */ = {isa = PBXFileReference; lastKnownFileType = sourcecode.swift; path = "UIColor+Additions.swift"; sourceTree = "<group>"; };
		542A1E102644317300E69A4D /* UIView+Extension.swift */ = {isa = PBXFileReference; lastKnownFileType = sourcecode.swift; path = "UIView+Extension.swift"; sourceTree = "<group>"; };
		542A1E13264431DE00E69A4D /* UIButton+Extension.swift */ = {isa = PBXFileReference; lastKnownFileType = sourcecode.swift; path = "UIButton+Extension.swift"; sourceTree = "<group>"; };
		542B5123265D494700A2006A /* MatchingDibsCVCell.swift */ = {isa = PBXFileReference; lastKnownFileType = sourcecode.swift; path = MatchingDibsCVCell.swift; sourceTree = "<group>"; };
		542B5124265D494700A2006A /* MatchingDibsCVCell.xib */ = {isa = PBXFileReference; lastKnownFileType = file.xib; path = MatchingDibsCVCell.xib; sourceTree = "<group>"; };
		5461109B26553E350009B5CF /* MatchingStatus.storyboard */ = {isa = PBXFileReference; lastKnownFileType = file.storyboard; path = MatchingStatus.storyboard; sourceTree = "<group>"; };
		5461109D26553E490009B5CF /* MatchingStatusVC.swift */ = {isa = PBXFileReference; lastKnownFileType = sourcecode.swift; path = MatchingStatusVC.swift; sourceTree = "<group>"; };
		5461109F265541450009B5CF /* MatchingStatusNC.swift */ = {isa = PBXFileReference; lastKnownFileType = sourcecode.swift; name = MatchingStatusNC.swift; path = "Find-iOS/Screen/MatchingStatus/ViewController/MatchingStatusNC.swift"; sourceTree = SOURCE_ROOT; };
		546110A12655463B0009B5CF /* MatchingStatusCVCell.swift */ = {isa = PBXFileReference; lastKnownFileType = sourcecode.swift; path = MatchingStatusCVCell.swift; sourceTree = "<group>"; };
		546110A9265551740009B5CF /* ConnectedTVCell.swift */ = {isa = PBXFileReference; lastKnownFileType = sourcecode.swift; path = ConnectedTVCell.swift; sourceTree = "<group>"; };
		546110AA265551740009B5CF /* ConnectedTVCell.xib */ = {isa = PBXFileReference; lastKnownFileType = file.xib; path = ConnectedTVCell.xib; sourceTree = "<group>"; };
		546110AF265551AF0009B5CF /* FeelingTVCell.swift */ = {isa = PBXFileReference; lastKnownFileType = sourcecode.swift; path = FeelingTVCell.swift; sourceTree = "<group>"; };
		546110B0265551AF0009B5CF /* FeelingTVCell.xib */ = {isa = PBXFileReference; lastKnownFileType = file.xib; path = FeelingTVCell.xib; sourceTree = "<group>"; };
		546110B3265552F40009B5CF /* DibsTVCell.swift */ = {isa = PBXFileReference; lastKnownFileType = sourcecode.swift; path = DibsTVCell.swift; sourceTree = "<group>"; };
		546110B4265552F40009B5CF /* DibsTVCell.xib */ = {isa = PBXFileReference; lastKnownFileType = file.xib; path = DibsTVCell.xib; sourceTree = "<group>"; };
		546110B7265556470009B5CF /* FeelingCVCell.swift */ = {isa = PBXFileReference; lastKnownFileType = sourcecode.swift; path = FeelingCVCell.swift; sourceTree = "<group>"; };
		546110B8265556470009B5CF /* FeelingCVCell.xib */ = {isa = PBXFileReference; lastKnownFileType = file.xib; path = FeelingCVCell.xib; sourceTree = "<group>"; };
		546110C426575C680009B5CF /* MatchingHeader.swift */ = {isa = PBXFileReference; lastKnownFileType = sourcecode.swift; path = MatchingHeader.swift; sourceTree = "<group>"; };
		546110C626575C980009B5CF /* MatchingHeader.xib */ = {isa = PBXFileReference; lastKnownFileType = file.xib; path = MatchingHeader.xib; sourceTree = "<group>"; };
		546110C826578C310009B5CF /* MatchingFooter.xib */ = {isa = PBXFileReference; lastKnownFileType = file.xib; path = MatchingFooter.xib; sourceTree = "<group>"; };
		546110CA26578C420009B5CF /* MatchingFooter.swift */ = {isa = PBXFileReference; lastKnownFileType = sourcecode.swift; path = MatchingFooter.swift; sourceTree = "<group>"; };
		546110CD265A480C0009B5CF /* MatchingData.swift */ = {isa = PBXFileReference; lastKnownFileType = sourcecode.swift; path = MatchingData.swift; sourceTree = "<group>"; };
		548A677B264FF1820014CBE8 /* InterviewPhotoCVCell.swift */ = {isa = PBXFileReference; lastKnownFileType = sourcecode.swift; path = InterviewPhotoCVCell.swift; sourceTree = "<group>"; };
		548A677D264FF95D0014CBE8 /* InterviewQestionCVCell.xib */ = {isa = PBXFileReference; lastKnownFileType = file.xib; path = InterviewQestionCVCell.xib; sourceTree = "<group>"; };
		548A677F264FFD2F0014CBE8 /* InterviewPhotoCVCell.xib */ = {isa = PBXFileReference; lastKnownFileType = file.xib; path = InterviewPhotoCVCell.xib; sourceTree = "<group>"; };
		548A6781265009AC0014CBE8 /* photoPreviewCVCell.swift */ = {isa = PBXFileReference; lastKnownFileType = sourcecode.swift; path = photoPreviewCVCell.swift; sourceTree = "<group>"; };
		548A6782265009AC0014CBE8 /* photoPreviewCVCell.xib */ = {isa = PBXFileReference; lastKnownFileType = file.xib; path = photoPreviewCVCell.xib; sourceTree = "<group>"; };
		548C8C8726502CED007EC128 /* InterviewImages.swift */ = {isa = PBXFileReference; lastKnownFileType = sourcecode.swift; path = InterviewImages.swift; sourceTree = "<group>"; };
		54A0385D264CDFA700EDF78F /* UIDevice+ScreenSize.swift */ = {isa = PBXFileReference; lastKnownFileType = sourcecode.swift; path = "UIDevice+ScreenSize.swift"; sourceTree = "<group>"; };
		54A0386B264D68CE00EDF78F /* InterviewQestionCVCell.swift */ = {isa = PBXFileReference; lastKnownFileType = sourcecode.swift; path = InterviewQestionCVCell.swift; sourceTree = "<group>"; };
		54A0386E264D6A0100EDF78F /* InterviewData.swift */ = {isa = PBXFileReference; lastKnownFileType = sourcecode.swift; path = InterviewData.swift; sourceTree = "<group>"; };
		54A03870264D6BA100EDF78F /* GetInterviewCategory.swift */ = {isa = PBXFileReference; lastKnownFileType = sourcecode.swift; path = GetInterviewCategory.swift; sourceTree = "<group>"; };
		54A03872264D73CC00EDF78F /* UITextField+Extension.swift */ = {isa = PBXFileReference; lastKnownFileType = sourcecode.swift; path = "UITextField+Extension.swift"; sourceTree = "<group>"; };
		54B9663C264904020028F1BF /* YourProfileVC.swift */ = {isa = PBXFileReference; lastKnownFileType = sourcecode.swift; path = YourProfileVC.swift; sourceTree = "<group>"; };
		54B9663E2649040F0028F1BF /* YourProfile.storyboard */ = {isa = PBXFileReference; lastKnownFileType = file.storyboard; path = YourProfile.storyboard; sourceTree = "<group>"; };
		54B966402649042F0028F1BF /* FindFound.storyboard */ = {isa = PBXFileReference; lastKnownFileType = file.storyboard; path = FindFound.storyboard; sourceTree = "<group>"; };
		54B96642264904390028F1BF /* Interview.storyboard */ = {isa = PBXFileReference; lastKnownFileType = file.storyboard; path = Interview.storyboard; sourceTree = "<group>"; };
		54B96644264904400028F1BF /* MyProfile.storyboard */ = {isa = PBXFileReference; lastKnownFileType = file.storyboard; path = MyProfile.storyboard; sourceTree = "<group>"; };
		54B96646264904490028F1BF /* ProfileWriting.storyboard */ = {isa = PBXFileReference; lastKnownFileType = file.storyboard; path = ProfileWriting.storyboard; sourceTree = "<group>"; };
		54B96648264904500028F1BF /* TabBar.storyboard */ = {isa = PBXFileReference; lastKnownFileType = file.storyboard; path = TabBar.storyboard; sourceTree = "<group>"; };
		54B9664C264904660028F1BF /* ProfileWritingVC.swift */ = {isa = PBXFileReference; lastKnownFileType = sourcecode.swift; path = ProfileWritingVC.swift; sourceTree = "<group>"; };
		54B9664E264904780028F1BF /* MyProfileVC.swift */ = {isa = PBXFileReference; lastKnownFileType = sourcecode.swift; path = MyProfileVC.swift; sourceTree = "<group>"; };
		54B96650264904800028F1BF /* InterviewVC.swift */ = {isa = PBXFileReference; lastKnownFileType = sourcecode.swift; path = InterviewVC.swift; sourceTree = "<group>"; };
		54B966552649068D0028F1BF /* SpoqaHanSansNeo-Regular.ttf */ = {isa = PBXFileReference; lastKnownFileType = file; path = "SpoqaHanSansNeo-Regular.ttf"; sourceTree = "<group>"; };
		54B966562649068E0028F1BF /* SpoqaHanSansNeo-Medium.ttf */ = {isa = PBXFileReference; lastKnownFileType = file; path = "SpoqaHanSansNeo-Medium.ttf"; sourceTree = "<group>"; };
		54B966572649068F0028F1BF /* SpoqaHanSansNeo-Bold.ttf */ = {isa = PBXFileReference; lastKnownFileType = file; path = "SpoqaHanSansNeo-Bold.ttf"; sourceTree = "<group>"; };
		54B96658264906900028F1BF /* SpoqaHanSansNeo-Light.ttf */ = {isa = PBXFileReference; lastKnownFileType = file; path = "SpoqaHanSansNeo-Light.ttf"; sourceTree = "<group>"; };
		54B9665D264909510028F1BF /* UILabel+Extension.swift */ = {isa = PBXFileReference; lastKnownFileType = sourcecode.swift; path = "UILabel+Extension.swift"; sourceTree = "<group>"; };
		54B9665F264909940028F1BF /* GenericResponse.swift */ = {isa = PBXFileReference; lastKnownFileType = sourcecode.swift; path = GenericResponse.swift; sourceTree = "<group>"; };
		54B96662264909CA0028F1BF /* APIService.swift */ = {isa = PBXFileReference; lastKnownFileType = sourcecode.swift; path = APIService.swift; sourceTree = "<group>"; };
		54B96664264909F70028F1BF /* APITarget.swift */ = {isa = PBXFileReference; lastKnownFileType = sourcecode.swift; path = APITarget.swift; sourceTree = "<group>"; };
		54B9666626490D510028F1BF /* NetworkResult.swift */ = {isa = PBXFileReference; lastKnownFileType = sourcecode.swift; path = NetworkResult.swift; sourceTree = "<group>"; };
		54B9666826490D950028F1BF /* PlainData.swift */ = {isa = PBXFileReference; lastKnownFileType = sourcecode.swift; path = PlainData.swift; sourceTree = "<group>"; };
		54B9666C2649250B0028F1BF /* FindTabBarController.swift */ = {isa = PBXFileReference; lastKnownFileType = sourcecode.swift; path = FindTabBarController.swift; sourceTree = "<group>"; };
		54BA2441265F87E70084D35A /* GetMyMatchingData.swift */ = {isa = PBXFileReference; lastKnownFileType = sourcecode.swift; path = GetMyMatchingData.swift; sourceTree = "<group>"; };
		54BA2443265FB7700084D35A /* MatchingRequestDelegate.swift */ = {isa = PBXFileReference; lastKnownFileType = sourcecode.swift; path = MatchingRequestDelegate.swift; sourceTree = "<group>"; };
		54BA2446266095C00084D35A /* noDataTVCell.swift */ = {isa = PBXFileReference; lastKnownFileType = sourcecode.swift; path = noDataTVCell.swift; sourceTree = "<group>"; };
		54BA2447266095C00084D35A /* noDataTVCell.xib */ = {isa = PBXFileReference; lastKnownFileType = file.xib; path = noDataTVCell.xib; sourceTree = "<group>"; };
		54E1BA1F264A84550076C306 /* MyProfileNC.swift */ = {isa = PBXFileReference; lastKnownFileType = sourcecode.swift; path = MyProfileNC.swift; sourceTree = "<group>"; };
		54E1BA21264A84AB0076C306 /* FindFoundNC.swift */ = {isa = PBXFileReference; lastKnownFileType = sourcecode.swift; path = FindFoundNC.swift; sourceTree = "<group>"; };
		920EEFF426578786009F263A /* FoundView.xib */ = {isa = PBXFileReference; lastKnownFileType = file.xib; path = FoundView.xib; sourceTree = "<group>"; };
		920EEFF726578795009F263A /* FoundView.swift */ = {isa = PBXFileReference; lastKnownFileType = sourcecode.swift; path = FoundView.swift; sourceTree = "<group>"; };
		920EF00626579D66009F263A /* FoundProfileCardCVCell.swift */ = {isa = PBXFileReference; lastKnownFileType = sourcecode.swift; path = FoundProfileCardCVCell.swift; sourceTree = "<group>"; };
		920EF00726579D66009F263A /* FoundProfileCardCVCell.xib */ = {isa = PBXFileReference; lastKnownFileType = file.xib; path = FoundProfileCardCVCell.xib; sourceTree = "<group>"; };
		920FD8F4265D1B6700AE9936 /* InterviewImgCVCell.swift */ = {isa = PBXFileReference; lastKnownFileType = sourcecode.swift; path = InterviewImgCVCell.swift; sourceTree = "<group>"; };
		926314C92654494A00E8E8FD /* SegueInterviewCVC.swift */ = {isa = PBXFileReference; lastKnownFileType = sourcecode.swift; name = SegueInterviewCVC.swift; path = "Find-iOS/Screen/YourProfile/ViewController/SegueInterviewCVC.swift"; sourceTree = SOURCE_ROOT; };
		926314D1265451D700E8E8FD /* InterviewImgTVC.swift */ = {isa = PBXFileReference; lastKnownFileType = sourcecode.swift; path = InterviewImgTVC.swift; sourceTree = "<group>"; };
		926314D42654523F00E8E8FD /* InterviewAnswerTVC.swift */ = {isa = PBXFileReference; lastKnownFileType = sourcecode.swift; path = InterviewAnswerTVC.swift; sourceTree = "<group>"; };
		926314E52656306800E8E8FD /* FindFoundVC.swift */ = {isa = PBXFileReference; lastKnownFileType = sourcecode.swift; path = FindFoundVC.swift; sourceTree = "<group>"; };
		926314EC2656C5EA00E8E8FD /* FindFoundSegueCVC.swift */ = {isa = PBXFileReference; lastKnownFileType = sourcecode.swift; path = FindFoundSegueCVC.swift; sourceTree = "<group>"; };
		926314EF2656CD0E00E8E8FD /* FindView.xib */ = {isa = PBXFileReference; lastKnownFileType = file.xib; path = FindView.xib; sourceTree = "<group>"; };
		926314F62656CE8A00E8E8FD /* FindView.swift */ = {isa = PBXFileReference; lastKnownFileType = sourcecode.swift; path = FindView.swift; sourceTree = "<group>"; };
		92B10365264D2905003801C8 /* ProfileCardDataModel.swift */ = {isa = PBXFileReference; lastKnownFileType = sourcecode.swift; path = ProfileCardDataModel.swift; sourceTree = "<group>"; };
		92B10390264E4C2A003801C8 /* BeforeTestView.swift */ = {isa = PBXFileReference; lastKnownFileType = sourcecode.swift; path = BeforeTestView.swift; sourceTree = "<group>"; };
		92B10394264E4C4C003801C8 /* BeforeTestView.xib */ = {isa = PBXFileReference; lastKnownFileType = file.xib; path = BeforeTestView.xib; sourceTree = "<group>"; };
		92F8DF9E2660B3870029C325 /* InterviewQAData.swift */ = {isa = PBXFileReference; lastKnownFileType = sourcecode.swift; path = InterviewQAData.swift; sourceTree = "<group>"; };
		92F8DFA12660C5760029C325 /* FoundProfileCardData.swift */ = {isa = PBXFileReference; lastKnownFileType = sourcecode.swift; path = FoundProfileCardData.swift; sourceTree = "<group>"; };
		92F8DFE0266289DE0029C325 /* BeforeAnswerView.xib */ = {isa = PBXFileReference; lastKnownFileType = file.xib; path = BeforeAnswerView.xib; sourceTree = "<group>"; };
		92F8DFE726628A2F0029C325 /* BeforeAnswerView.swift */ = {isa = PBXFileReference; lastKnownFileType = sourcecode.swift; path = BeforeAnswerView.swift; sourceTree = "<group>"; };
		92F8DFF1266295FA0029C325 /* AfterAnswerView.xib */ = {isa = PBXFileReference; lastKnownFileType = file.xib; path = AfterAnswerView.xib; sourceTree = "<group>"; };
		92F8DFF4266296070029C325 /* AfterAnswerView.swift */ = {isa = PBXFileReference; lastKnownFileType = sourcecode.swift; path = AfterAnswerView.swift; sourceTree = "<group>"; };
		959D62B832062C303971ED8D /* Pods-Find-iOS.release.xcconfig */ = {isa = PBXFileReference; includeInIndex = 1; lastKnownFileType = text.xcconfig; name = "Pods-Find-iOS.release.xcconfig"; path = "Target Support Files/Pods-Find-iOS/Pods-Find-iOS.release.xcconfig"; sourceTree = "<group>"; };
		9914C355BB51240D7E5B4DC2 /* Pods_Find_iOS.framework */ = {isa = PBXFileReference; explicitFileType = wrapper.framework; includeInIndex = 0; path = Pods_Find_iOS.framework; sourceTree = BUILT_PRODUCTS_DIR; };
/* End PBXFileReference section */

/* Begin PBXFrameworksBuildPhase section */
		542A1DED26442F8B00E69A4D /* Frameworks */ = {
			isa = PBXFrameworksBuildPhase;
			buildActionMask = 2147483647;
			files = (
				771060A678E5FEDEED0DBEE0 /* Pods_Find_iOS.framework in Frameworks */,
			);
			runOnlyForDeploymentPostprocessing = 0;
		};
/* End PBXFrameworksBuildPhase section */

/* Begin PBXGroup section */
		1300E85C098F8AD59BD73442 /* Frameworks */ = {
			isa = PBXGroup;
			children = (
				9914C355BB51240D7E5B4DC2 /* Pods_Find_iOS.framework */,
			);
			name = Frameworks;
			sourceTree = "<group>";
		};
		36E83A4E692BC8F7BD8CBEA7 /* Pods */ = {
			isa = PBXGroup;
			children = (
				30A6F874187F6EA5D20A692A /* Pods-Find-iOS.debug.xcconfig */,
				959D62B832062C303971ED8D /* Pods-Find-iOS.release.xcconfig */,
			);
			path = Pods;
			sourceTree = "<group>";
		};
		377C27722644462B003FF385 /* ValueTest */ = {
			isa = PBXGroup;
			children = (
				377C277326444636003FF385 /* Storyboard */,
				377C277426444640003FF385 /* ViewController */,
				377C277526444658003FF385 /* Cell */,
				377C278626445D6D003FF385 /* Model */,
			);
			path = ValueTest;
			sourceTree = "<group>";
		};
		377C277326444636003FF385 /* Storyboard */ = {
			isa = PBXGroup;
			children = (
				377C2776264446FD003FF385 /* ValueTest.storyboard */,
				377C27792644470C003FF385 /* ValueList.storyboard */,
			);
			path = Storyboard;
			sourceTree = "<group>";
		};
		377C277426444640003FF385 /* ViewController */ = {
			isa = PBXGroup;
			children = (
				377C277C26444750003FF385 /* ValueTestVC.swift */,
				377C277F26444761003FF385 /* ValueListVC.swift */,
			);
			path = ViewController;
			sourceTree = "<group>";
		};
		377C277526444658003FF385 /* Cell */ = {
			isa = PBXGroup;
			children = (
				3771675D26457E8000AE3A15 /* ValueTestQuestionTVC.swift */,
				3771675F2645ADAD00AE3A15 /* ValueListTVC.swift */,
				378E3A0F265044190023A326 /* ValueListCVC.swift */,
			);
			path = Cell;
			sourceTree = "<group>";
		};
		377C278626445D6D003FF385 /* Model */ = {
			isa = PBXGroup;
			children = (
				377C278726445D84003FF385 /* Questions.swift */,
				3771675B2645791C00AE3A15 /* GetQuestionCategory.swift */,
				373E1EE6265CEFE000516B47 /* ParentVC.swift */,
			);
			path = Model;
			sourceTree = "<group>";
		};
		37A18C152653F28300E3B67C /* Models */ = {
			isa = PBXGroup;
			children = (
				37A18C162653F29B00E3B67C /* 10649-gradient-loading.json */,
				92F8DFA12660C5760029C325 /* FoundProfileCardData.swift */,
			);
			path = Models;
			sourceTree = "<group>";
		};
		37F1E0B9265819E800D810BE /* Cell */ = {
			isa = PBXGroup;
			children = (
				37F1E0BB26581A4700D810BE /* YourValueHeaderCVC.swift */,
				37F1E0BD26581AAD00D810BE /* YourValueListCVC.swift */,
			);
			path = Cell;
			sourceTree = "<group>";
		};
		37F1E0BA26581A1900D810BE /* Model */ = {
			isa = PBXGroup;
			children = (
				37F1E0C1265828D900D810BE /* ValueFilter.swift */,
				37F1E0C3265834B300D810BE /* ValueFilterAll.swift */,
				92F8DF9E2660B3870029C325 /* InterviewQAData.swift */,
			);
			path = Model;
			sourceTree = "<group>";
		};
		542A1DE726442F8B00E69A4D = {
			isa = PBXGroup;
			children = (
				542A1DF226442F8B00E69A4D /* Find-iOS */,
				542A1DF126442F8B00E69A4D /* Products */,
				36E83A4E692BC8F7BD8CBEA7 /* Pods */,
				1300E85C098F8AD59BD73442 /* Frameworks */,
			);
			sourceTree = "<group>";
		};
		542A1DF126442F8B00E69A4D /* Products */ = {
			isa = PBXGroup;
			children = (
				542A1DF026442F8B00E69A4D /* Find-iOS.app */,
			);
			name = Products;
			sourceTree = "<group>";
		};
		542A1DF226442F8B00E69A4D /* Find-iOS */ = {
			isa = PBXGroup;
			children = (
				542A1E0B2644311F00E69A4D /* Screen */,
				542A1E092644310000E69A4D /* Global */,
				542A1E08264430D700E69A4D /* Support */,
			);
			path = "Find-iOS";
			sourceTree = "<group>";
		};
		542A1E08264430D700E69A4D /* Support */ = {
			isa = PBXGroup;
			children = (
				54B9663B264903C40028F1BF /* Font */,
				542A1DF326442F8B00E69A4D /* AppDelegate.swift */,
				542A1DF526442F8B00E69A4D /* SceneDelegate.swift */,
				542A1DFC26442F8E00E69A4D /* Assets.xcassets */,
				542A1DFE26442F8E00E69A4D /* LaunchScreen.storyboard */,
				542A1E0126442F8E00E69A4D /* Info.plist */,
			);
			path = Support;
			sourceTree = "<group>";
		};
		542A1E092644310000E69A4D /* Global */ = {
			isa = PBXGroup;
			children = (
				54B96661264909C20028F1BF /* Service */,
				54B96654264904AB0028F1BF /* Model */,
				542A1E0A2644310900E69A4D /* Extension */,
			);
			path = Global;
			sourceTree = "<group>";
		};
		542A1E0A2644310900E69A4D /* Extension */ = {
			isa = PBXGroup;
			children = (
				542A1E0D2644315200E69A4D /* UIColor+Additions.swift */,
				542A1E102644317300E69A4D /* UIView+Extension.swift */,
				542A1E13264431DE00E69A4D /* UIButton+Extension.swift */,
				54B9665D264909510028F1BF /* UILabel+Extension.swift */,
				36AE56D12649A56C00D4B9DE /* UIFont+Extension.swift */,
				54A0385D264CDFA700EDF78F /* UIDevice+ScreenSize.swift */,
				54A03872264D73CC00EDF78F /* UITextField+Extension.swift */,
				378E3A0D26503E910023A326 /* UIViewController+Extension.swift */,
			);
			path = Extension;
			sourceTree = "<group>";
		};
		542A1E0B2644311F00E69A4D /* Screen */ = {
			isa = PBXGroup;
			children = (
				5461109726553DF80009B5CF /* MatchingStatus */,
				377C27722644462B003FF385 /* ValueTest */,
				54B96629264902CF0028F1BF /* YourProfile */,
				54B96628264902BF0028F1BF /* FindFound */,
				54B96627264902B80028F1BF /* Interview */,
				54B96626264902AF0028F1BF /* MyProfile */,
				54B966252649029E0028F1BF /* ProfileWriting */,
				54B966242649028E0028F1BF /* TabBar */,
				542A1DF726442F8B00E69A4D /* ViewController.swift */,
				542A1DF926442F8B00E69A4D /* Main.storyboard */,
			);
			path = Screen;
			sourceTree = "<group>";
		};
		542B5127265D5D3900A2006A /* Segue */ = {
			isa = PBXGroup;
			children = (
				546110A12655463B0009B5CF /* MatchingStatusCVCell.swift */,
				542B5123265D494700A2006A /* MatchingDibsCVCell.swift */,
				542B5124265D494700A2006A /* MatchingDibsCVCell.xib */,
			);
			path = Segue;
			sourceTree = "<group>";
		};
		5461109726553DF80009B5CF /* MatchingStatus */ = {
			isa = PBXGroup;
			children = (
				546110CC265A47F90009B5CF /* Model */,
				5461109A26553E130009B5CF /* Cell */,
				5461109926553E0C0009B5CF /* ViewController */,
				5461109826553E050009B5CF /* Storyboard */,
				54BA2443265FB7700084D35A /* MatchingRequestDelegate.swift */,
			);
			path = MatchingStatus;
			sourceTree = "<group>";
		};
		5461109826553E050009B5CF /* Storyboard */ = {
			isa = PBXGroup;
			children = (
				5461109B26553E350009B5CF /* MatchingStatus.storyboard */,
			);
			path = Storyboard;
			sourceTree = "<group>";
		};
		5461109926553E0C0009B5CF /* ViewController */ = {
			isa = PBXGroup;
			children = (
				5461109D26553E490009B5CF /* MatchingStatusVC.swift */,
				5461109F265541450009B5CF /* MatchingStatusNC.swift */,
			);
			path = ViewController;
			sourceTree = "<group>";
		};
		5461109A26553E130009B5CF /* Cell */ = {
			isa = PBXGroup;
			children = (
				54BA2445266095930084D35A /* NoData */,
				542B5127265D5D3900A2006A /* Segue */,
				546110C126575C040009B5CF /* HeaderFooter */,
				546110A82655514D0009B5CF /* Dibs */,
				546110A7265551450009B5CF /* Feeling */,
			);
			path = Cell;
			sourceTree = "<group>";
		};
		546110A7265551450009B5CF /* Feeling */ = {
			isa = PBXGroup;
			children = (
				546110A9265551740009B5CF /* ConnectedTVCell.swift */,
				546110AA265551740009B5CF /* ConnectedTVCell.xib */,
				546110AF265551AF0009B5CF /* FeelingTVCell.swift */,
				546110B0265551AF0009B5CF /* FeelingTVCell.xib */,
				546110B7265556470009B5CF /* FeelingCVCell.swift */,
				546110B8265556470009B5CF /* FeelingCVCell.xib */,
			);
			path = Feeling;
			sourceTree = "<group>";
		};
		546110A82655514D0009B5CF /* Dibs */ = {
			isa = PBXGroup;
			children = (
				546110B3265552F40009B5CF /* DibsTVCell.swift */,
				546110B4265552F40009B5CF /* DibsTVCell.xib */,
			);
			path = Dibs;
			sourceTree = "<group>";
		};
		546110C126575C040009B5CF /* HeaderFooter */ = {
			isa = PBXGroup;
			children = (
				546110C426575C680009B5CF /* MatchingHeader.swift */,
				546110C626575C980009B5CF /* MatchingHeader.xib */,
				546110C826578C310009B5CF /* MatchingFooter.xib */,
				546110CA26578C420009B5CF /* MatchingFooter.swift */,
			);
			path = HeaderFooter;
			sourceTree = "<group>";
		};
		546110CC265A47F90009B5CF /* Model */ = {
			isa = PBXGroup;
			children = (
				546110CD265A480C0009B5CF /* MatchingData.swift */,
			);
			path = Model;
			sourceTree = "<group>";
		};
		54A03862264D20A600EDF78F /* Cell */ = {
			isa = PBXGroup;
			children = (
				54A0386B264D68CE00EDF78F /* InterviewQestionCVCell.swift */,
				548A677D264FF95D0014CBE8 /* InterviewQestionCVCell.xib */,
				548A677B264FF1820014CBE8 /* InterviewPhotoCVCell.swift */,
				548A677F264FFD2F0014CBE8 /* InterviewPhotoCVCell.xib */,
				548A6781265009AC0014CBE8 /* photoPreviewCVCell.swift */,
				548A6782265009AC0014CBE8 /* photoPreviewCVCell.xib */,
				5412CC1926526279003EDA6C /* InterviewCVCell.swift */,
			);
			path = Cell;
			sourceTree = "<group>";
		};
		54A0386D264D69F700EDF78F /* Model */ = {
			isa = PBXGroup;
			children = (
				54A0386E264D6A0100EDF78F /* InterviewData.swift */,
				54A03870264D6BA100EDF78F /* GetInterviewCategory.swift */,
				548C8C8726502CED007EC128 /* InterviewImages.swift */,
			);
			path = Model;
			sourceTree = "<group>";
		};
		54B966242649028E0028F1BF /* TabBar */ = {
			isa = PBXGroup;
			children = (
				54B9663A264903B60028F1BF /* ViewController */,
				54B96639264903A80028F1BF /* Storyboard */,
			);
			path = TabBar;
			sourceTree = "<group>";
		};
		54B966252649029E0028F1BF /* ProfileWriting */ = {
			isa = PBXGroup;
			children = (
				54B96636264903920028F1BF /* ViewController */,
				54B96637264903960028F1BF /* Storyboard */,
				361B6E502653B4FA00ACF88A /* ProfileImages.swift */,
				361B6EE12655856E00ACF88A /* BasicInfoData.swift */,
				36693DA926564DBC00A27793 /* ProfileCVCell.swift */,
				36693DBB2656A65D00A27793 /* BasicInfoCVCell.swift */,
			);
			path = ProfileWriting;
			sourceTree = "<group>";
		};
		54B96626264902AF0028F1BF /* MyProfile */ = {
			isa = PBXGroup;
			children = (
				54B966332649037C0028F1BF /* ViewController */,
				54B96634264903800028F1BF /* Storyboard */,
			);
			path = MyProfile;
			sourceTree = "<group>";
		};
		54B96627264902B80028F1BF /* Interview */ = {
			isa = PBXGroup;
			children = (
				54A0386D264D69F700EDF78F /* Model */,
				54A03862264D20A600EDF78F /* Cell */,
				54B96630264903530028F1BF /* ViewController */,
				54B96631264903580028F1BF /* Storyboard */,
			);
			path = Interview;
			sourceTree = "<group>";
		};
		54B96628264902BF0028F1BF /* FindFound */ = {
			isa = PBXGroup;
			children = (
				926314D92654F6BC00E8E8FD /* Model */,
				926314D82654F6B200E8E8FD /* Cell */,
				92B10393264E4C3F003801C8 /* View */,
				54B9662D264903420028F1BF /* ViewController */,
				54B9662E264903470028F1BF /* Storyboard */,
				37A18C152653F28300E3B67C /* Models */,
			);
			path = FindFound;
			sourceTree = "<group>";
		};
		54B96629264902CF0028F1BF /* YourProfile */ = {
			isa = PBXGroup;
			children = (
				926314C8265448FB00E8E8FD /* Cell */,
				54B9662C264903350028F1BF /* ViewController */,
				54B9662B2649032E0028F1BF /* Storyboard */,
				37F1E0B9265819E800D810BE /* Cell */,
				37F1E0BA26581A1900D810BE /* Model */,
			);
			path = YourProfile;
			sourceTree = "<group>";
		};
		54B9662B2649032E0028F1BF /* Storyboard */ = {
			isa = PBXGroup;
			children = (
				54B9663E2649040F0028F1BF /* YourProfile.storyboard */,
				37A18C18265402B300E3B67C /* YourValue.storyboard */,
			);
			path = Storyboard;
			sourceTree = "<group>";
		};
		54B9662C264903350028F1BF /* ViewController */ = {
			isa = PBXGroup;
			children = (
				54B9663C264904020028F1BF /* YourProfileVC.swift */,
				37A18C1A265402C300E3B67C /* YourValueVC.swift */,
			);
			path = ViewController;
			sourceTree = "<group>";
		};
		54B9662D264903420028F1BF /* ViewController */ = {
			isa = PBXGroup;
			children = (
				54E1BA21264A84AB0076C306 /* FindFoundNC.swift */,
				378E3A1526526EEC0023A326 /* MatchingLottieVC.swift */,
				926314E52656306800E8E8FD /* FindFoundVC.swift */,
			);
			path = ViewController;
			sourceTree = "<group>";
		};
		54B9662E264903470028F1BF /* Storyboard */ = {
			isa = PBXGroup;
			children = (
				54B966402649042F0028F1BF /* FindFound.storyboard */,
				378E3A1326526ED40023A326 /* MatchingLottie.storyboard */,
			);
			path = Storyboard;
			sourceTree = "<group>";
		};
		54B96630264903530028F1BF /* ViewController */ = {
			isa = PBXGroup;
			children = (
				54B96650264904800028F1BF /* InterviewVC.swift */,
			);
			path = ViewController;
			sourceTree = "<group>";
		};
		54B96631264903580028F1BF /* Storyboard */ = {
			isa = PBXGroup;
			children = (
				54B96642264904390028F1BF /* Interview.storyboard */,
			);
			path = Storyboard;
			sourceTree = "<group>";
		};
		54B966332649037C0028F1BF /* ViewController */ = {
			isa = PBXGroup;
			children = (
				54B9664E264904780028F1BF /* MyProfileVC.swift */,
				54E1BA1F264A84550076C306 /* MyProfileNC.swift */,
			);
			path = ViewController;
			sourceTree = "<group>";
		};
		54B96634264903800028F1BF /* Storyboard */ = {
			isa = PBXGroup;
			children = (
				54B96644264904400028F1BF /* MyProfile.storyboard */,
			);
			path = Storyboard;
			sourceTree = "<group>";
		};
		54B96636264903920028F1BF /* ViewController */ = {
			isa = PBXGroup;
			children = (
				54B9664C264904660028F1BF /* ProfileWritingVC.swift */,
				3618F64D264FBD49006CF618 /* IntroductionVC.swift */,
				365B494F26613F0200713438 /* ProfileGuideVC.swift */,
			);
			path = ViewController;
			sourceTree = "<group>";
		};
		54B96637264903960028F1BF /* Storyboard */ = {
			isa = PBXGroup;
			children = (
				54B96646264904490028F1BF /* ProfileWriting.storyboard */,
				3618F65D2650123F006CF618 /* Introduction.storyboard */,
				365B494C26613D5500713438 /* ProfileGuide.storyboard */,
			);
			path = Storyboard;
			sourceTree = "<group>";
		};
		54B96639264903A80028F1BF /* Storyboard */ = {
			isa = PBXGroup;
			children = (
				54B96648264904500028F1BF /* TabBar.storyboard */,
			);
			path = Storyboard;
			sourceTree = "<group>";
		};
		54B9663A264903B60028F1BF /* ViewController */ = {
			isa = PBXGroup;
			children = (
				54B9666C2649250B0028F1BF /* FindTabBarController.swift */,
			);
			path = ViewController;
			sourceTree = "<group>";
		};
		54B9663B264903C40028F1BF /* Font */ = {
			isa = PBXGroup;
			children = (
				54B966572649068F0028F1BF /* SpoqaHanSansNeo-Bold.ttf */,
				54B96658264906900028F1BF /* SpoqaHanSansNeo-Light.ttf */,
				54B966562649068E0028F1BF /* SpoqaHanSansNeo-Medium.ttf */,
				54B966552649068D0028F1BF /* SpoqaHanSansNeo-Regular.ttf */,
			);
			path = Font;
			sourceTree = "<group>";
		};
		54B96654264904AB0028F1BF /* Model */ = {
			isa = PBXGroup;
			children = (
				54B9665F264909940028F1BF /* GenericResponse.swift */,
				54B9666826490D950028F1BF /* PlainData.swift */,
				54BA2441265F87E70084D35A /* GetMyMatchingData.swift */,
			);
			path = Model;
			sourceTree = "<group>";
		};
		54B96661264909C20028F1BF /* Service */ = {
			isa = PBXGroup;
			children = (
				54B96662264909CA0028F1BF /* APIService.swift */,
				54B96664264909F70028F1BF /* APITarget.swift */,
				54B9666626490D510028F1BF /* NetworkResult.swift */,
			);
			path = Service;
			sourceTree = "<group>";
		};
		54BA2445266095930084D35A /* NoData */ = {
			isa = PBXGroup;
			children = (
				54BA2446266095C00084D35A /* noDataTVCell.swift */,
				54BA2447266095C00084D35A /* noDataTVCell.xib */,
			);
			path = NoData;
			sourceTree = "<group>";
		};
		926314C8265448FB00E8E8FD /* Cell */ = {
			isa = PBXGroup;
			children = (
				926314C92654494A00E8E8FD /* SegueInterviewCVC.swift */,
				926314D1265451D700E8E8FD /* InterviewImgTVC.swift */,
				926314D42654523F00E8E8FD /* InterviewAnswerTVC.swift */,
				920FD8F4265D1B6700AE9936 /* InterviewImgCVCell.swift */,
			);
			path = Cell;
			sourceTree = "<group>";
		};
		926314D82654F6B200E8E8FD /* Cell */ = {
			isa = PBXGroup;
			children = (
				926314EC2656C5EA00E8E8FD /* FindFoundSegueCVC.swift */,
				920EF00626579D66009F263A /* FoundProfileCardCVCell.swift */,
				920EF00726579D66009F263A /* FoundProfileCardCVCell.xib */,
			);
			path = Cell;
			sourceTree = "<group>";
		};
		926314D92654F6BC00E8E8FD /* Model */ = {
			isa = PBXGroup;
			children = (
				92B10365264D2905003801C8 /* ProfileCardDataModel.swift */,
			);
			path = Model;
			sourceTree = "<group>";
		};
		92B10393264E4C3F003801C8 /* View */ = {
			isa = PBXGroup;
			children = (
				92B10394264E4C4C003801C8 /* BeforeTestView.xib */,
				92B10390264E4C2A003801C8 /* BeforeTestView.swift */,
				926314EF2656CD0E00E8E8FD /* FindView.xib */,
				926314F62656CE8A00E8E8FD /* FindView.swift */,
				920EEFF426578786009F263A /* FoundView.xib */,
				920EEFF726578795009F263A /* FoundView.swift */,
				92F8DFE0266289DE0029C325 /* BeforeAnswerView.xib */,
				92F8DFE726628A2F0029C325 /* BeforeAnswerView.swift */,
				92F8DFF1266295FA0029C325 /* AfterAnswerView.xib */,
				92F8DFF4266296070029C325 /* AfterAnswerView.swift */,
			);
			path = View;
			sourceTree = "<group>";
		};
/* End PBXGroup section */

/* Begin PBXNativeTarget section */
		542A1DEF26442F8B00E69A4D /* Find-iOS */ = {
			isa = PBXNativeTarget;
			buildConfigurationList = 542A1E0426442F8E00E69A4D /* Build configuration list for PBXNativeTarget "Find-iOS" */;
			buildPhases = (
				9250E9B6245FD848AA775E86 /* [CP] Check Pods Manifest.lock */,
				542A1DEC26442F8B00E69A4D /* Sources */,
				542A1DED26442F8B00E69A4D /* Frameworks */,
				542A1DEE26442F8B00E69A4D /* Resources */,
				C1CE7B1BC64D45E5036EB7F5 /* [CP] Embed Pods Frameworks */,
			);
			buildRules = (
			);
			dependencies = (
			);
			name = "Find-iOS";
			productName = "Find-iOS";
			productReference = 542A1DF026442F8B00E69A4D /* Find-iOS.app */;
			productType = "com.apple.product-type.application";
		};
/* End PBXNativeTarget section */

/* Begin PBXProject section */
		542A1DE826442F8B00E69A4D /* Project object */ = {
			isa = PBXProject;
			attributes = {
				LastSwiftUpdateCheck = 1240;
				LastUpgradeCheck = 1240;
				TargetAttributes = {
					542A1DEF26442F8B00E69A4D = {
						CreatedOnToolsVersion = 12.4;
					};
				};
			};
			buildConfigurationList = 542A1DEB26442F8B00E69A4D /* Build configuration list for PBXProject "Find-iOS" */;
			compatibilityVersion = "Xcode 9.3";
			developmentRegion = en;
			hasScannedForEncodings = 0;
			knownRegions = (
				en,
				Base,
			);
			mainGroup = 542A1DE726442F8B00E69A4D;
			productRefGroup = 542A1DF126442F8B00E69A4D /* Products */;
			projectDirPath = "";
			projectRoot = "";
			targets = (
				542A1DEF26442F8B00E69A4D /* Find-iOS */,
			);
		};
/* End PBXProject section */

/* Begin PBXResourcesBuildPhase section */
		542A1DEE26442F8B00E69A4D /* Resources */ = {
			isa = PBXResourcesBuildPhase;
			buildActionMask = 2147483647;
			files = (
				546110C926578C310009B5CF /* MatchingFooter.xib in Resources */,
				377C2777264446FD003FF385 /* ValueTest.storyboard in Resources */,
				542A1E0026442F8E00E69A4D /* LaunchScreen.storyboard in Resources */,
				5461109C26553E350009B5CF /* MatchingStatus.storyboard in Resources */,
				546110B6265552F40009B5CF /* DibsTVCell.xib in Resources */,
				54BA2449266095C00084D35A /* noDataTVCell.xib in Resources */,
				54B96649264904500028F1BF /* TabBar.storyboard in Resources */,
				54B9665A264906900028F1BF /* SpoqaHanSansNeo-Medium.ttf in Resources */,
				546110B2265551AF0009B5CF /* FeelingTVCell.xib in Resources */,
				54B9663F2649040F0028F1BF /* YourProfile.storyboard in Resources */,
				54B9665B264906900028F1BF /* SpoqaHanSansNeo-Bold.ttf in Resources */,
				37A18C19265402B300E3B67C /* YourValue.storyboard in Resources */,
				3618F65E2650123F006CF618 /* Introduction.storyboard in Resources */,
				920EF00926579D66009F263A /* FoundProfileCardCVCell.xib in Resources */,
				920EEFF526578786009F263A /* FoundView.xib in Resources */,
				92F8DFE1266289DE0029C325 /* BeforeAnswerView.xib in Resources */,
				54B96643264904390028F1BF /* Interview.storyboard in Resources */,
				546110BA265556470009B5CF /* FeelingCVCell.xib in Resources */,
				92F8DFF2266295FA0029C325 /* AfterAnswerView.xib in Resources */,
				546110AC265551740009B5CF /* ConnectedTVCell.xib in Resources */,
				54B96659264906900028F1BF /* SpoqaHanSansNeo-Regular.ttf in Resources */,
				54B966412649042F0028F1BF /* FindFound.storyboard in Resources */,
				548A6780264FFD2F0014CBE8 /* InterviewPhotoCVCell.xib in Resources */,
				37A18C172653F29B00E3B67C /* 10649-gradient-loading.json in Resources */,
				54B96645264904400028F1BF /* MyProfile.storyboard in Resources */,
				54B96647264904490028F1BF /* ProfileWriting.storyboard in Resources */,
				378E3A1426526ED40023A326 /* MatchingLottie.storyboard in Resources */,
				365B494D26613D5500713438 /* ProfileGuide.storyboard in Resources */,
				926314F02656CD0F00E8E8FD /* FindView.xib in Resources */,
				542A1DFD26442F8E00E69A4D /* Assets.xcassets in Resources */,
				548A6784265009AC0014CBE8 /* photoPreviewCVCell.xib in Resources */,
				92B10395264E4C4C003801C8 /* BeforeTestView.xib in Resources */,
				546110C726575C980009B5CF /* MatchingHeader.xib in Resources */,
				542A1DFB26442F8B00E69A4D /* Main.storyboard in Resources */,
				548A677E264FF95D0014CBE8 /* InterviewQestionCVCell.xib in Resources */,
				377C277A2644470C003FF385 /* ValueList.storyboard in Resources */,
				54B9665C264906900028F1BF /* SpoqaHanSansNeo-Light.ttf in Resources */,
				542B5126265D494700A2006A /* MatchingDibsCVCell.xib in Resources */,
			);
			runOnlyForDeploymentPostprocessing = 0;
		};
/* End PBXResourcesBuildPhase section */

/* Begin PBXShellScriptBuildPhase section */
		9250E9B6245FD848AA775E86 /* [CP] Check Pods Manifest.lock */ = {
			isa = PBXShellScriptBuildPhase;
			buildActionMask = 2147483647;
			files = (
			);
			inputFileListPaths = (
			);
			inputPaths = (
				"${PODS_PODFILE_DIR_PATH}/Podfile.lock",
				"${PODS_ROOT}/Manifest.lock",
			);
			name = "[CP] Check Pods Manifest.lock";
			outputFileListPaths = (
			);
			outputPaths = (
				"$(DERIVED_FILE_DIR)/Pods-Find-iOS-checkManifestLockResult.txt",
			);
			runOnlyForDeploymentPostprocessing = 0;
			shellPath = /bin/sh;
			shellScript = "diff \"${PODS_PODFILE_DIR_PATH}/Podfile.lock\" \"${PODS_ROOT}/Manifest.lock\" > /dev/null\nif [ $? != 0 ] ; then\n    # print error to STDERR\n    echo \"error: The sandbox is not in sync with the Podfile.lock. Run 'pod install' or update your CocoaPods installation.\" >&2\n    exit 1\nfi\n# This output is used by Xcode 'outputs' to avoid re-running this script phase.\necho \"SUCCESS\" > \"${SCRIPT_OUTPUT_FILE_0}\"\n";
			showEnvVarsInLog = 0;
		};
		C1CE7B1BC64D45E5036EB7F5 /* [CP] Embed Pods Frameworks */ = {
			isa = PBXShellScriptBuildPhase;
			buildActionMask = 2147483647;
			files = (
			);
			inputFileListPaths = (
				"${PODS_ROOT}/Target Support Files/Pods-Find-iOS/Pods-Find-iOS-frameworks-${CONFIGURATION}-input-files.xcfilelist",
			);
			name = "[CP] Embed Pods Frameworks";
			outputFileListPaths = (
				"${PODS_ROOT}/Target Support Files/Pods-Find-iOS/Pods-Find-iOS-frameworks-${CONFIGURATION}-output-files.xcfilelist",
			);
			runOnlyForDeploymentPostprocessing = 0;
			shellPath = /bin/sh;
			shellScript = "\"${PODS_ROOT}/Target Support Files/Pods-Find-iOS/Pods-Find-iOS-frameworks.sh\"\n";
			showEnvVarsInLog = 0;
		};
/* End PBXShellScriptBuildPhase section */

/* Begin PBXSourcesBuildPhase section */
		542A1DEC26442F8B00E69A4D /* Sources */ = {
			isa = PBXSourcesBuildPhase;
			buildActionMask = 2147483647;
			files = (
				542A1DF826442F8B00E69A4D /* ViewController.swift in Sources */,
				36AE56D22649A56C00D4B9DE /* UIFont+Extension.swift in Sources */,
				54A03871264D6BA100EDF78F /* GetInterviewCategory.swift in Sources */,
				54A0386C264D68CE00EDF78F /* InterviewQestionCVCell.swift in Sources */,
				54B96663264909CA0028F1BF /* APIService.swift in Sources */,
				542A1E0E2644315200E69A4D /* UIColor+Additions.swift in Sources */,
				5412CC1A26526279003EDA6C /* InterviewCVCell.swift in Sources */,
				37F1E0C2265828D900D810BE /* ValueFilter.swift in Sources */,
				37F1E0BE26581AAD00D810BE /* YourValueListCVC.swift in Sources */,
				378E3A10265044190023A326 /* ValueListCVC.swift in Sources */,
				54B96663264909CA0028F1BF /* APIService.swift in Sources */,
				542A1E0E2644315200E69A4D /* UIColor+Additions.swift in Sources */,
				546110A22655463B0009B5CF /* MatchingStatusCVCell.swift in Sources */,
				378E3A0E26503E910023A326 /* UIViewController+Extension.swift in Sources */,
				54E1BA22264A84AB0076C306 /* FindFoundNC.swift in Sources */,
				54A0385E264CDFA700EDF78F /* UIDevice+ScreenSize.swift in Sources */,
				546110CE265A480C0009B5CF /* MatchingData.swift in Sources */,
				926314E62656306800E8E8FD /* FindFoundVC.swift in Sources */,
				54B9664F264904780028F1BF /* MyProfileVC.swift in Sources */,
				920EEFF826578795009F263A /* FoundView.swift in Sources */,
				54B9664D264904660028F1BF /* ProfileWritingVC.swift in Sources */,
				926314ED2656C5EA00E8E8FD /* FindFoundSegueCVC.swift in Sources */,
				365B495026613F0200713438 /* ProfileGuideVC.swift in Sources */,
				920FD8F5265D1B6700AE9936 /* InterviewImgCVCell.swift in Sources */,
				542A1DF426442F8B00E69A4D /* AppDelegate.swift in Sources */,
				926314D2265451D700E8E8FD /* InterviewImgTVC.swift in Sources */,
				926314CA2654494A00E8E8FD /* SegueInterviewCVC.swift in Sources */,
				54B96660264909940028F1BF /* GenericResponse.swift in Sources */,
				36693DAA26564DBC00A27793 /* ProfileCVCell.swift in Sources */,
				54B9666926490D950028F1BF /* PlainData.swift in Sources */,
				5461109E26553E490009B5CF /* MatchingStatusVC.swift in Sources */,
				361B6E512653B4FA00ACF88A /* ProfileImages.swift in Sources */,
				37F1E0C4265834B300D810BE /* ValueFilterAll.swift in Sources */,
				377C278826445D84003FF385 /* Questions.swift in Sources */,
				542A1E112644317300E69A4D /* UIView+Extension.swift in Sources */,
				54BA2442265F87E70084D35A /* GetMyMatchingData.swift in Sources */,
				54E1BA20264A84550076C306 /* MyProfileNC.swift in Sources */,
				361B6EE22655856E00ACF88A /* BasicInfoData.swift in Sources */,
				54B9663D264904020028F1BF /* YourProfileVC.swift in Sources */,
				377C277D26444750003FF385 /* ValueTestVC.swift in Sources */,
				546110A0265541450009B5CF /* MatchingStatusNC.swift in Sources */,
				92F8DFE826628A2F0029C325 /* BeforeAnswerView.swift in Sources */,
				3771675C2645791C00AE3A15 /* GetQuestionCategory.swift in Sources */,
				378E3A1626526EEC0023A326 /* MatchingLottieVC.swift in Sources */,
				92F8DFA22660C5770029C325 /* FoundProfileCardData.swift in Sources */,
				542A1DF626442F8B00E69A4D /* SceneDelegate.swift in Sources */,
				926314F72656CE8A00E8E8FD /* FindView.swift in Sources */,
				54B96665264909F70028F1BF /* APITarget.swift in Sources */,
				920EF00826579D66009F263A /* FoundProfileCardCVCell.swift in Sources */,
				54BA2448266095C00084D35A /* noDataTVCell.swift in Sources */,
				92B10391264E4C2A003801C8 /* BeforeTestView.swift in Sources */,
				37F1E0BC26581A4700D810BE /* YourValueHeaderCVC.swift in Sources */,
				92F8DF9F2660B3880029C325 /* InterviewQAData.swift in Sources */,
				54B96651264904800028F1BF /* InterviewVC.swift in Sources */,
				548C8C8826502CED007EC128 /* InterviewImages.swift in Sources */,
				548A6783265009AC0014CBE8 /* photoPreviewCVCell.swift in Sources */,
				92B10366264D2905003801C8 /* ProfileCardDataModel.swift in Sources */,
				54B9665E264909510028F1BF /* UILabel+Extension.swift in Sources */,
				546110CB26578C420009B5CF /* MatchingFooter.swift in Sources */,
				3618F64E264FBD49006CF618 /* IntroductionVC.swift in Sources */,
				54B9666726490D510028F1BF /* NetworkResult.swift in Sources */,
				546110C526575C680009B5CF /* MatchingHeader.swift in Sources */,
				54A0386F264D6A0100EDF78F /* InterviewData.swift in Sources */,
				54A03873264D73CC00EDF78F /* UITextField+Extension.swift in Sources */,
				37A18C1B265402C300E3B67C /* YourValueVC.swift in Sources */,
				546110B5265552F40009B5CF /* DibsTVCell.swift in Sources */,
				54B9666D2649250B0028F1BF /* FindTabBarController.swift in Sources */,
				548A677C264FF1820014CBE8 /* InterviewPhotoCVCell.swift in Sources */,
				377C278026444761003FF385 /* ValueListVC.swift in Sources */,
				373E1EE7265CEFE000516B47 /* ParentVC.swift in Sources */,
				542A1E14264431DE00E69A4D /* UIButton+Extension.swift in Sources */,
				546110AB265551740009B5CF /* ConnectedTVCell.swift in Sources */,
				542B5125265D494700A2006A /* MatchingDibsCVCell.swift in Sources */,
				546110B9265556470009B5CF /* FeelingCVCell.swift in Sources */,
				546110B1265551AF0009B5CF /* FeelingTVCell.swift in Sources */,
				36693DBC2656A65D00A27793 /* BasicInfoCVCell.swift in Sources */,
				3771675E26457E8000AE3A15 /* ValueTestQuestionTVC.swift in Sources */,
				54BA2444265FB7700084D35A /* MatchingRequestDelegate.swift in Sources */,
				377167602645ADAD00AE3A15 /* ValueListTVC.swift in Sources */,
				926314D52654523F00E8E8FD /* InterviewAnswerTVC.swift in Sources */,
				92F8DFF5266296070029C325 /* AfterAnswerView.swift in Sources */,
			);
			runOnlyForDeploymentPostprocessing = 0;
		};
/* End PBXSourcesBuildPhase section */

/* Begin PBXVariantGroup section */
		542A1DF926442F8B00E69A4D /* Main.storyboard */ = {
			isa = PBXVariantGroup;
			children = (
				542A1DFA26442F8B00E69A4D /* Base */,
			);
			name = Main.storyboard;
			sourceTree = "<group>";
		};
		542A1DFE26442F8E00E69A4D /* LaunchScreen.storyboard */ = {
			isa = PBXVariantGroup;
			children = (
				542A1DFF26442F8E00E69A4D /* Base */,
			);
			name = LaunchScreen.storyboard;
			sourceTree = "<group>";
		};
/* End PBXVariantGroup section */

/* Begin XCBuildConfiguration section */
		542A1E0226442F8E00E69A4D /* Debug */ = {
			isa = XCBuildConfiguration;
			buildSettings = {
				ALWAYS_SEARCH_USER_PATHS = NO;
				CLANG_ANALYZER_NONNULL = YES;
				CLANG_ANALYZER_NUMBER_OBJECT_CONVERSION = YES_AGGRESSIVE;
				CLANG_CXX_LANGUAGE_STANDARD = "gnu++14";
				CLANG_CXX_LIBRARY = "libc++";
				CLANG_ENABLE_MODULES = YES;
				CLANG_ENABLE_OBJC_ARC = YES;
				CLANG_ENABLE_OBJC_WEAK = YES;
				CLANG_WARN_BLOCK_CAPTURE_AUTORELEASING = YES;
				CLANG_WARN_BOOL_CONVERSION = YES;
				CLANG_WARN_COMMA = YES;
				CLANG_WARN_CONSTANT_CONVERSION = YES;
				CLANG_WARN_DEPRECATED_OBJC_IMPLEMENTATIONS = YES;
				CLANG_WARN_DIRECT_OBJC_ISA_USAGE = YES_ERROR;
				CLANG_WARN_DOCUMENTATION_COMMENTS = YES;
				CLANG_WARN_EMPTY_BODY = YES;
				CLANG_WARN_ENUM_CONVERSION = YES;
				CLANG_WARN_INFINITE_RECURSION = YES;
				CLANG_WARN_INT_CONVERSION = YES;
				CLANG_WARN_NON_LITERAL_NULL_CONVERSION = YES;
				CLANG_WARN_OBJC_IMPLICIT_RETAIN_SELF = YES;
				CLANG_WARN_OBJC_LITERAL_CONVERSION = YES;
				CLANG_WARN_OBJC_ROOT_CLASS = YES_ERROR;
				CLANG_WARN_QUOTED_INCLUDE_IN_FRAMEWORK_HEADER = YES;
				CLANG_WARN_RANGE_LOOP_ANALYSIS = YES;
				CLANG_WARN_STRICT_PROTOTYPES = YES;
				CLANG_WARN_SUSPICIOUS_MOVE = YES;
				CLANG_WARN_UNGUARDED_AVAILABILITY = YES_AGGRESSIVE;
				CLANG_WARN_UNREACHABLE_CODE = YES;
				CLANG_WARN__DUPLICATE_METHOD_MATCH = YES;
				COPY_PHASE_STRIP = NO;
				DEBUG_INFORMATION_FORMAT = dwarf;
				ENABLE_STRICT_OBJC_MSGSEND = YES;
				ENABLE_TESTABILITY = YES;
				GCC_C_LANGUAGE_STANDARD = gnu11;
				GCC_DYNAMIC_NO_PIC = NO;
				GCC_NO_COMMON_BLOCKS = YES;
				GCC_OPTIMIZATION_LEVEL = 0;
				GCC_PREPROCESSOR_DEFINITIONS = (
					"DEBUG=1",
					"$(inherited)",
				);
				GCC_WARN_64_TO_32_BIT_CONVERSION = YES;
				GCC_WARN_ABOUT_RETURN_TYPE = YES_ERROR;
				GCC_WARN_UNDECLARED_SELECTOR = YES;
				GCC_WARN_UNINITIALIZED_AUTOS = YES_AGGRESSIVE;
				GCC_WARN_UNUSED_FUNCTION = YES;
				GCC_WARN_UNUSED_VARIABLE = YES;
				IPHONEOS_DEPLOYMENT_TARGET = 13.0;
				MTL_ENABLE_DEBUG_INFO = INCLUDE_SOURCE;
				MTL_FAST_MATH = YES;
				ONLY_ACTIVE_ARCH = YES;
				SDKROOT = iphoneos;
				SWIFT_ACTIVE_COMPILATION_CONDITIONS = DEBUG;
				SWIFT_OPTIMIZATION_LEVEL = "-Onone";
			};
			name = Debug;
		};
		542A1E0326442F8E00E69A4D /* Release */ = {
			isa = XCBuildConfiguration;
			buildSettings = {
				ALWAYS_SEARCH_USER_PATHS = NO;
				CLANG_ANALYZER_NONNULL = YES;
				CLANG_ANALYZER_NUMBER_OBJECT_CONVERSION = YES_AGGRESSIVE;
				CLANG_CXX_LANGUAGE_STANDARD = "gnu++14";
				CLANG_CXX_LIBRARY = "libc++";
				CLANG_ENABLE_MODULES = YES;
				CLANG_ENABLE_OBJC_ARC = YES;
				CLANG_ENABLE_OBJC_WEAK = YES;
				CLANG_WARN_BLOCK_CAPTURE_AUTORELEASING = YES;
				CLANG_WARN_BOOL_CONVERSION = YES;
				CLANG_WARN_COMMA = YES;
				CLANG_WARN_CONSTANT_CONVERSION = YES;
				CLANG_WARN_DEPRECATED_OBJC_IMPLEMENTATIONS = YES;
				CLANG_WARN_DIRECT_OBJC_ISA_USAGE = YES_ERROR;
				CLANG_WARN_DOCUMENTATION_COMMENTS = YES;
				CLANG_WARN_EMPTY_BODY = YES;
				CLANG_WARN_ENUM_CONVERSION = YES;
				CLANG_WARN_INFINITE_RECURSION = YES;
				CLANG_WARN_INT_CONVERSION = YES;
				CLANG_WARN_NON_LITERAL_NULL_CONVERSION = YES;
				CLANG_WARN_OBJC_IMPLICIT_RETAIN_SELF = YES;
				CLANG_WARN_OBJC_LITERAL_CONVERSION = YES;
				CLANG_WARN_OBJC_ROOT_CLASS = YES_ERROR;
				CLANG_WARN_QUOTED_INCLUDE_IN_FRAMEWORK_HEADER = YES;
				CLANG_WARN_RANGE_LOOP_ANALYSIS = YES;
				CLANG_WARN_STRICT_PROTOTYPES = YES;
				CLANG_WARN_SUSPICIOUS_MOVE = YES;
				CLANG_WARN_UNGUARDED_AVAILABILITY = YES_AGGRESSIVE;
				CLANG_WARN_UNREACHABLE_CODE = YES;
				CLANG_WARN__DUPLICATE_METHOD_MATCH = YES;
				COPY_PHASE_STRIP = NO;
				DEBUG_INFORMATION_FORMAT = "dwarf-with-dsym";
				ENABLE_NS_ASSERTIONS = NO;
				ENABLE_STRICT_OBJC_MSGSEND = YES;
				GCC_C_LANGUAGE_STANDARD = gnu11;
				GCC_NO_COMMON_BLOCKS = YES;
				GCC_WARN_64_TO_32_BIT_CONVERSION = YES;
				GCC_WARN_ABOUT_RETURN_TYPE = YES_ERROR;
				GCC_WARN_UNDECLARED_SELECTOR = YES;
				GCC_WARN_UNINITIALIZED_AUTOS = YES_AGGRESSIVE;
				GCC_WARN_UNUSED_FUNCTION = YES;
				GCC_WARN_UNUSED_VARIABLE = YES;
				IPHONEOS_DEPLOYMENT_TARGET = 13.0;
				MTL_ENABLE_DEBUG_INFO = NO;
				MTL_FAST_MATH = YES;
				SDKROOT = iphoneos;
				SWIFT_COMPILATION_MODE = wholemodule;
				SWIFT_OPTIMIZATION_LEVEL = "-O";
				VALIDATE_PRODUCT = YES;
			};
			name = Release;
		};
		542A1E0526442F8E00E69A4D /* Debug */ = {
			isa = XCBuildConfiguration;
			baseConfigurationReference = 30A6F874187F6EA5D20A692A /* Pods-Find-iOS.debug.xcconfig */;
			buildSettings = {
				ASSETCATALOG_COMPILER_APPICON_NAME = AppIcon;
				ASSETCATALOG_COMPILER_GLOBAL_ACCENT_COLOR_NAME = AccentColor;
				CODE_SIGN_IDENTITY = "Apple Development";
				CODE_SIGN_STYLE = Automatic;
				DEVELOPMENT_TEAM = J92QJ4K4KU;
				INFOPLIST_FILE = "Find-iOS/Support/Info.plist";
				LD_RUNPATH_SEARCH_PATHS = (
					"$(inherited)",
					"@executable_path/Frameworks",
				);
				PRODUCT_BUNDLE_IDENTIFIER = "sopt.Find-iOS";
				PRODUCT_NAME = "$(TARGET_NAME)";
				PROVISIONING_PROFILE_SPECIFIER = "";
				SWIFT_VERSION = 5.0;
				TARGETED_DEVICE_FAMILY = "1,2";
			};
			name = Debug;
		};
		542A1E0626442F8E00E69A4D /* Release */ = {
			isa = XCBuildConfiguration;
			baseConfigurationReference = 959D62B832062C303971ED8D /* Pods-Find-iOS.release.xcconfig */;
			buildSettings = {
				ASSETCATALOG_COMPILER_APPICON_NAME = AppIcon;
				ASSETCATALOG_COMPILER_GLOBAL_ACCENT_COLOR_NAME = AccentColor;
				CODE_SIGN_IDENTITY = "Apple Development";
				CODE_SIGN_STYLE = Automatic;
				DEVELOPMENT_TEAM = J92QJ4K4KU;
				INFOPLIST_FILE = "Find-iOS/Support/Info.plist";
				LD_RUNPATH_SEARCH_PATHS = (
					"$(inherited)",
					"@executable_path/Frameworks",
				);
				PRODUCT_BUNDLE_IDENTIFIER = "sopt.Find-iOS";
				PRODUCT_NAME = "$(TARGET_NAME)";
				PROVISIONING_PROFILE_SPECIFIER = "";
				SWIFT_VERSION = 5.0;
				TARGETED_DEVICE_FAMILY = "1,2";
			};
			name = Release;
		};
/* End XCBuildConfiguration section */

/* Begin XCConfigurationList section */
		542A1DEB26442F8B00E69A4D /* Build configuration list for PBXProject "Find-iOS" */ = {
			isa = XCConfigurationList;
			buildConfigurations = (
				542A1E0226442F8E00E69A4D /* Debug */,
				542A1E0326442F8E00E69A4D /* Release */,
			);
			defaultConfigurationIsVisible = 0;
			defaultConfigurationName = Release;
		};
		542A1E0426442F8E00E69A4D /* Build configuration list for PBXNativeTarget "Find-iOS" */ = {
			isa = XCConfigurationList;
			buildConfigurations = (
				542A1E0526442F8E00E69A4D /* Debug */,
				542A1E0626442F8E00E69A4D /* Release */,
			);
			defaultConfigurationIsVisible = 0;
			defaultConfigurationName = Release;
		};
/* End XCConfigurationList section */
	};
	rootObject = 542A1DE826442F8B00E69A4D /* Project object */;
}
